// !$*UTF8*$!
{
	archiveVersion = 1;
	classes = {
	};
	objectVersion = 55;
	objects = {

/* Begin PBXBuildFile section */
		574F275728C349AB0092D293 /* IsUserAuthenticatedUseCase.swift in Sources */ = {isa = PBXBuildFile; fileRef = 574F275628C349AB0092D293 /* IsUserAuthenticatedUseCase.swift */; };
		574F275928C360550092D293 /* FetchProductsRequest.swift in Sources */ = {isa = PBXBuildFile; fileRef = 574F275828C360550092D293 /* FetchProductsRequest.swift */; };
		574F275B28C364920092D293 /* FetchProductsResponse.swift in Sources */ = {isa = PBXBuildFile; fileRef = 574F275A28C364920092D293 /* FetchProductsResponse.swift */; };
		574F275E28C368B10092D293 /* ProductDTO.swift in Sources */ = {isa = PBXBuildFile; fileRef = 574F275D28C368B00092D293 /* ProductDTO.swift */; };
		574F276228C3720C0092D293 /* FetchProductImagesUseCase.swift in Sources */ = {isa = PBXBuildFile; fileRef = 574F276128C3720C0092D293 /* FetchProductImagesUseCase.swift */; };
		574F276428C372450092D293 /* FetchProductImagesRequest.swift in Sources */ = {isa = PBXBuildFile; fileRef = 574F276328C372450092D293 /* FetchProductImagesRequest.swift */; };
		574F276628C3728D0092D293 /* FetchProductImagesResponse.swift in Sources */ = {isa = PBXBuildFile; fileRef = 574F276528C3728D0092D293 /* FetchProductImagesResponse.swift */; };
		574F276828C377750092D293 /* ProductImagesDTO.swift in Sources */ = {isa = PBXBuildFile; fileRef = 574F276728C377750092D293 /* ProductImagesDTO.swift */; };
		574F276C28C38AFE0092D293 /* IsProfileFilledUseCase.swift in Sources */ = {isa = PBXBuildFile; fileRef = 574F276B28C38AFE0092D293 /* IsProfileFilledUseCase.swift */; };
		574F276E28C38BDB0092D293 /* UpdateProfileUseCase.swift in Sources */ = {isa = PBXBuildFile; fileRef = 574F276D28C38BDB0092D293 /* UpdateProfileUseCase.swift */; };
		574F277028C38C990092D293 /* UpdateProfileRequest.swift in Sources */ = {isa = PBXBuildFile; fileRef = 574F276F28C38C990092D293 /* UpdateProfileRequest.swift */; };
		574F277228C38D430092D293 /* ProfileDTO.swift in Sources */ = {isa = PBXBuildFile; fileRef = 574F277128C38D430092D293 /* ProfileDTO.swift */; };
		574F277A28C38F7B0092D293 /* IsCartEmptyUseCase.swift in Sources */ = {isa = PBXBuildFile; fileRef = 574F277928C38F7B0092D293 /* IsCartEmptyUseCase.swift */; };
		574F277C28C38F860092D293 /* AddCartItemUseCase.swift in Sources */ = {isa = PBXBuildFile; fileRef = 574F277B28C38F860092D293 /* AddCartItemUseCase.swift */; };
		574F277E28C38F8E0092D293 /* DeleteCartItemUseCase.swift in Sources */ = {isa = PBXBuildFile; fileRef = 574F277D28C38F8E0092D293 /* DeleteCartItemUseCase.swift */; };
		574F278028C38F970092D293 /* UpdateCartItemAmountUseCase.swift in Sources */ = {isa = PBXBuildFile; fileRef = 574F277F28C38F970092D293 /* UpdateCartItemAmountUseCase.swift */; };
		574F278228C38F9F0092D293 /* FetchCartItemsUseCase.swift in Sources */ = {isa = PBXBuildFile; fileRef = 574F278128C38F9F0092D293 /* FetchCartItemsUseCase.swift */; };
		574F278428C38FA90092D293 /* CreateOrderUseCase.swift in Sources */ = {isa = PBXBuildFile; fileRef = 574F278328C38FA90092D293 /* CreateOrderUseCase.swift */; };
		574F278628C390680092D293 /* AddCartItemRequest.swift in Sources */ = {isa = PBXBuildFile; fileRef = 574F278528C390680092D293 /* AddCartItemRequest.swift */; };
		574F278B28C4B6720092D293 /* CartItemDTO.swift in Sources */ = {isa = PBXBuildFile; fileRef = 574F278A28C4B6720092D293 /* CartItemDTO.swift */; };
		574F278D28C4BC530092D293 /* OrderDTO.swift in Sources */ = {isa = PBXBuildFile; fileRef = 574F278C28C4BC530092D293 /* OrderDTO.swift */; };
		574F278F28C4C3150092D293 /* OrderGateway.swift in Sources */ = {isa = PBXBuildFile; fileRef = 574F278E28C4C3150092D293 /* OrderGateway.swift */; };
		574F279128C531BF0092D293 /* DeleteCartItemRequest.swift in Sources */ = {isa = PBXBuildFile; fileRef = 574F279028C531BF0092D293 /* DeleteCartItemRequest.swift */; };
		574F279328C531C70092D293 /* UpdateCartItemAmountRequest.swift in Sources */ = {isa = PBXBuildFile; fileRef = 574F279228C531C70092D293 /* UpdateCartItemAmountRequest.swift */; };
		574F279728C533F30092D293 /* AddCartItemResponse.swift in Sources */ = {isa = PBXBuildFile; fileRef = 574F279628C533F30092D293 /* AddCartItemResponse.swift */; };
		574F279928C535A80092D293 /* DeleteCartItemResponse.swift in Sources */ = {isa = PBXBuildFile; fileRef = 574F279828C535A80092D293 /* DeleteCartItemResponse.swift */; };
		574F279B28C538BC0092D293 /* UpdateCartItemAmountResponse.swift in Sources */ = {isa = PBXBuildFile; fileRef = 574F279A28C538BC0092D293 /* UpdateCartItemAmountResponse.swift */; };
		574F279D28C539D50092D293 /* FetchCartItemsResponse.swift in Sources */ = {isa = PBXBuildFile; fileRef = 574F279C28C539D50092D293 /* FetchCartItemsResponse.swift */; };
		574F279F28C66EC90092D293 /* CreateOrderRequest.swift in Sources */ = {isa = PBXBuildFile; fileRef = 574F279E28C66EC90092D293 /* CreateOrderRequest.swift */; };
		574F27A128C676970092D293 /* CreateOrderResponse.swift in Sources */ = {isa = PBXBuildFile; fileRef = 574F27A028C676970092D293 /* CreateOrderResponse.swift */; };
		574F27A428C68D870092D293 /* LoginPresenter.swift in Sources */ = {isa = PBXBuildFile; fileRef = 574F27A328C68D870092D293 /* LoginPresenter.swift */; };
		574F27A728C7922A0092D293 /* Validator.swift in Sources */ = {isa = PBXBuildFile; fileRef = 574F27A628C7922A0092D293 /* Validator.swift */; };
		574F27A928C7A6C70092D293 /* LoginViewController.swift in Sources */ = {isa = PBXBuildFile; fileRef = 574F27A828C7A6C70092D293 /* LoginViewController.swift */; };
		574F27AB28C7C5A40092D293 /* GoogleService-Info.plist in Resources */ = {isa = PBXBuildFile; fileRef = 574F27AA28C7C5A40092D293 /* GoogleService-Info.plist */; };
		574F27AD28CB5A510092D293 /* Session.swift in Sources */ = {isa = PBXBuildFile; fileRef = 574F27AC28CB5A510092D293 /* Session.swift */; };
		57508A4A28BE4BBF000328AC /* Cart.swift in Sources */ = {isa = PBXBuildFile; fileRef = 57508A4928BE4BBF000328AC /* Cart.swift */; };
		57508A4C28BE4DF7000328AC /* Order.swift in Sources */ = {isa = PBXBuildFile; fileRef = 57508A4B28BE4DF7000328AC /* Order.swift */; };
		57508A5228BEA041000328AC /* AuthGatewayImpl.swift in Sources */ = {isa = PBXBuildFile; fileRef = 57508A5128BEA041000328AC /* AuthGatewayImpl.swift */; };
		57508A5428BEA7D9000328AC /* ProductGatewayImpl.swift in Sources */ = {isa = PBXBuildFile; fileRef = 57508A5328BEA7D9000328AC /* ProductGatewayImpl.swift */; };
		57508A5828BF45E5000328AC /* AuthProvider.swift in Sources */ = {isa = PBXBuildFile; fileRef = 57508A5728BF45E5000328AC /* AuthProvider.swift */; };
		57508A5A28BF54E5000328AC /* ProfileRemoteRepositoryImpl.swift in Sources */ = {isa = PBXBuildFile; fileRef = 57508A5928BF54E5000328AC /* ProfileRemoteRepositoryImpl.swift */; };
		57508A5D28BFB34B000328AC /* ApiClient.swift in Sources */ = {isa = PBXBuildFile; fileRef = 57508A5C28BFB34B000328AC /* ApiClient.swift */; };
		57508A5F28BFB372000328AC /* ApiProduct.swift in Sources */ = {isa = PBXBuildFile; fileRef = 57508A5E28BFB372000328AC /* ApiProduct.swift */; };
		57508A6528BFD48A000328AC /* ProfileGateway.swift in Sources */ = {isa = PBXBuildFile; fileRef = 57508A6428BFD48A000328AC /* ProfileGateway.swift */; };
		57508A6728BFD525000328AC /* ProfileGatewayImpl.swift in Sources */ = {isa = PBXBuildFile; fileRef = 57508A6628BFD525000328AC /* ProfileGatewayImpl.swift */; };
		57508A6928BFDC71000328AC /* CartItemsGateway.swift in Sources */ = {isa = PBXBuildFile; fileRef = 57508A6828BFDC71000328AC /* CartItemsGateway.swift */; };
		57508A6B28BFDC8D000328AC /* CartGatewayImpl.swift in Sources */ = {isa = PBXBuildFile; fileRef = 57508A6A28BFDC8D000328AC /* CartGatewayImpl.swift */; };
		577301FA28BBFB4E007FB72F /* ClassDiagram.mdj in Resources */ = {isa = PBXBuildFile; fileRef = 577301F928BBFB4E007FB72F /* ClassDiagram.mdj */; };
		577301FC28BBFD29007FB72F /* AppDesign.png in Resources */ = {isa = PBXBuildFile; fileRef = 577301FB28BBFD29007FB72F /* AppDesign.png */; };
		5773020428BBFE9A007FB72F /* Product.swift in Sources */ = {isa = PBXBuildFile; fileRef = 5773020328BBFE9A007FB72F /* Product.swift */; };
		5773020628BBFF6E007FB72F /* Profile.swift in Sources */ = {isa = PBXBuildFile; fileRef = 5773020528BBFF6E007FB72F /* Profile.swift */; };
		5773020828BC010F007FB72F /* ProductGateway.swift in Sources */ = {isa = PBXBuildFile; fileRef = 5773020728BC010F007FB72F /* ProductGateway.swift */; };
		5773020A28BC0226007FB72F /* FetchProductsUseCase.swift in Sources */ = {isa = PBXBuildFile; fileRef = 5773020928BC0226007FB72F /* FetchProductsUseCase.swift */; };
		5773020E28BC040E007FB72F /* AuthGateway.swift in Sources */ = {isa = PBXBuildFile; fileRef = 5773020D28BC040E007FB72F /* AuthGateway.swift */; };
		5773021028BCE474007FB72F /* Result.swift in Sources */ = {isa = PBXBuildFile; fileRef = 5773020F28BCE474007FB72F /* Result.swift */; };
		577B93C428C1E12100E31B88 /* LoginRequest.swift in Sources */ = {isa = PBXBuildFile; fileRef = 577B93C328C1E12100E31B88 /* LoginRequest.swift */; };
		577B93CA28C1F8B400E31B88 /* LoginUseCase.swift in Sources */ = {isa = PBXBuildFile; fileRef = 577B93C928C1F8B400E31B88 /* LoginUseCase.swift */; };
		577B93D028C2059E00E31B88 /* RegisterUseCase.swift in Sources */ = {isa = PBXBuildFile; fileRef = 577B93CF28C2059E00E31B88 /* RegisterUseCase.swift */; };
		577B93D328C2064600E31B88 /* RegisterRequest.swift in Sources */ = {isa = PBXBuildFile; fileRef = 577B93D228C2064600E31B88 /* RegisterRequest.swift */; };
		577B93D728C20FE300E31B88 /* LoginWithFacebookUseCase.swift in Sources */ = {isa = PBXBuildFile; fileRef = 577B93D628C20FE300E31B88 /* LoginWithFacebookUseCase.swift */; };
		577B93DD28C21A8900E31B88 /* LogoutUseCase.swift in Sources */ = {isa = PBXBuildFile; fileRef = 577B93DC28C21A8900E31B88 /* LogoutUseCase.swift */; };
		57FF081328A503B600FE5FC9 /* AppDelegate.swift in Sources */ = {isa = PBXBuildFile; fileRef = 57FF081228A503B600FE5FC9 /* AppDelegate.swift */; };
		57FF081528A503B600FE5FC9 /* SceneDelegate.swift in Sources */ = {isa = PBXBuildFile; fileRef = 57FF081428A503B600FE5FC9 /* SceneDelegate.swift */; };
		57FF081728A503B600FE5FC9 /* ViewController.swift in Sources */ = {isa = PBXBuildFile; fileRef = 57FF081628A503B600FE5FC9 /* ViewController.swift */; };
		57FF081C28A503B700FE5FC9 /* Assets.xcassets in Resources */ = {isa = PBXBuildFile; fileRef = 57FF081B28A503B700FE5FC9 /* Assets.xcassets */; };
		57FF081F28A503B700FE5FC9 /* LaunchScreen.storyboard in Resources */ = {isa = PBXBuildFile; fileRef = 57FF081D28A503B700FE5FC9 /* LaunchScreen.storyboard */; };
		F6BE35325CAA04607AC7FA1F /* Pods_07_RayBan_Store.framework in Frameworks */ = {isa = PBXBuildFile; fileRef = 182FDD2E74C1FCC59D858C5A /* Pods_07_RayBan_Store.framework */; };
/* End PBXBuildFile section */

/* Begin PBXFileReference section */
		182FDD2E74C1FCC59D858C5A /* Pods_07_RayBan_Store.framework */ = {isa = PBXFileReference; explicitFileType = wrapper.framework; includeInIndex = 0; path = Pods_07_RayBan_Store.framework; sourceTree = BUILT_PRODUCTS_DIR; };
		574F275628C349AB0092D293 /* IsUserAuthenticatedUseCase.swift */ = {isa = PBXFileReference; lastKnownFileType = sourcecode.swift; path = IsUserAuthenticatedUseCase.swift; sourceTree = "<group>"; };
		574F275828C360550092D293 /* FetchProductsRequest.swift */ = {isa = PBXFileReference; lastKnownFileType = sourcecode.swift; path = FetchProductsRequest.swift; sourceTree = "<group>"; };
		574F275A28C364920092D293 /* FetchProductsResponse.swift */ = {isa = PBXFileReference; lastKnownFileType = sourcecode.swift; path = FetchProductsResponse.swift; sourceTree = "<group>"; };
		574F275D28C368B00092D293 /* ProductDTO.swift */ = {isa = PBXFileReference; lastKnownFileType = sourcecode.swift; path = ProductDTO.swift; sourceTree = "<group>"; };
		574F276128C3720C0092D293 /* FetchProductImagesUseCase.swift */ = {isa = PBXFileReference; lastKnownFileType = sourcecode.swift; path = FetchProductImagesUseCase.swift; sourceTree = "<group>"; };
		574F276328C372450092D293 /* FetchProductImagesRequest.swift */ = {isa = PBXFileReference; lastKnownFileType = sourcecode.swift; path = FetchProductImagesRequest.swift; sourceTree = "<group>"; };
		574F276528C3728D0092D293 /* FetchProductImagesResponse.swift */ = {isa = PBXFileReference; lastKnownFileType = sourcecode.swift; path = FetchProductImagesResponse.swift; sourceTree = "<group>"; };
		574F276728C377750092D293 /* ProductImagesDTO.swift */ = {isa = PBXFileReference; lastKnownFileType = sourcecode.swift; path = ProductImagesDTO.swift; sourceTree = "<group>"; };
		574F276B28C38AFE0092D293 /* IsProfileFilledUseCase.swift */ = {isa = PBXFileReference; lastKnownFileType = sourcecode.swift; path = IsProfileFilledUseCase.swift; sourceTree = "<group>"; };
		574F276D28C38BDB0092D293 /* UpdateProfileUseCase.swift */ = {isa = PBXFileReference; lastKnownFileType = sourcecode.swift; path = UpdateProfileUseCase.swift; sourceTree = "<group>"; };
		574F276F28C38C990092D293 /* UpdateProfileRequest.swift */ = {isa = PBXFileReference; lastKnownFileType = sourcecode.swift; path = UpdateProfileRequest.swift; sourceTree = "<group>"; };
		574F277128C38D430092D293 /* ProfileDTO.swift */ = {isa = PBXFileReference; lastKnownFileType = sourcecode.swift; path = ProfileDTO.swift; sourceTree = "<group>"; };
		574F277928C38F7B0092D293 /* IsCartEmptyUseCase.swift */ = {isa = PBXFileReference; lastKnownFileType = sourcecode.swift; path = IsCartEmptyUseCase.swift; sourceTree = "<group>"; };
		574F277B28C38F860092D293 /* AddCartItemUseCase.swift */ = {isa = PBXFileReference; lastKnownFileType = sourcecode.swift; path = AddCartItemUseCase.swift; sourceTree = "<group>"; };
		574F277D28C38F8E0092D293 /* DeleteCartItemUseCase.swift */ = {isa = PBXFileReference; lastKnownFileType = sourcecode.swift; path = DeleteCartItemUseCase.swift; sourceTree = "<group>"; };
		574F277F28C38F970092D293 /* UpdateCartItemAmountUseCase.swift */ = {isa = PBXFileReference; lastKnownFileType = sourcecode.swift; path = UpdateCartItemAmountUseCase.swift; sourceTree = "<group>"; };
		574F278128C38F9F0092D293 /* FetchCartItemsUseCase.swift */ = {isa = PBXFileReference; lastKnownFileType = sourcecode.swift; path = FetchCartItemsUseCase.swift; sourceTree = "<group>"; };
		574F278328C38FA90092D293 /* CreateOrderUseCase.swift */ = {isa = PBXFileReference; lastKnownFileType = sourcecode.swift; path = CreateOrderUseCase.swift; sourceTree = "<group>"; };
		574F278528C390680092D293 /* AddCartItemRequest.swift */ = {isa = PBXFileReference; lastKnownFileType = sourcecode.swift; path = AddCartItemRequest.swift; sourceTree = "<group>"; };
		574F278A28C4B6720092D293 /* CartItemDTO.swift */ = {isa = PBXFileReference; lastKnownFileType = sourcecode.swift; path = CartItemDTO.swift; sourceTree = "<group>"; };
		574F278C28C4BC530092D293 /* OrderDTO.swift */ = {isa = PBXFileReference; lastKnownFileType = sourcecode.swift; path = OrderDTO.swift; sourceTree = "<group>"; };
		574F278E28C4C3150092D293 /* OrderGateway.swift */ = {isa = PBXFileReference; lastKnownFileType = sourcecode.swift; path = OrderGateway.swift; sourceTree = "<group>"; };
		574F279028C531BF0092D293 /* DeleteCartItemRequest.swift */ = {isa = PBXFileReference; lastKnownFileType = sourcecode.swift; path = DeleteCartItemRequest.swift; sourceTree = "<group>"; };
		574F279228C531C70092D293 /* UpdateCartItemAmountRequest.swift */ = {isa = PBXFileReference; lastKnownFileType = sourcecode.swift; path = UpdateCartItemAmountRequest.swift; sourceTree = "<group>"; };
		574F279628C533F30092D293 /* AddCartItemResponse.swift */ = {isa = PBXFileReference; lastKnownFileType = sourcecode.swift; path = AddCartItemResponse.swift; sourceTree = "<group>"; };
		574F279828C535A80092D293 /* DeleteCartItemResponse.swift */ = {isa = PBXFileReference; lastKnownFileType = sourcecode.swift; path = DeleteCartItemResponse.swift; sourceTree = "<group>"; };
		574F279A28C538BC0092D293 /* UpdateCartItemAmountResponse.swift */ = {isa = PBXFileReference; lastKnownFileType = sourcecode.swift; path = UpdateCartItemAmountResponse.swift; sourceTree = "<group>"; };
		574F279C28C539D50092D293 /* FetchCartItemsResponse.swift */ = {isa = PBXFileReference; lastKnownFileType = sourcecode.swift; path = FetchCartItemsResponse.swift; sourceTree = "<group>"; };
		574F279E28C66EC90092D293 /* CreateOrderRequest.swift */ = {isa = PBXFileReference; lastKnownFileType = sourcecode.swift; path = CreateOrderRequest.swift; sourceTree = "<group>"; };
		574F27A028C676970092D293 /* CreateOrderResponse.swift */ = {isa = PBXFileReference; lastKnownFileType = sourcecode.swift; path = CreateOrderResponse.swift; sourceTree = "<group>"; };
		574F27A328C68D870092D293 /* LoginPresenter.swift */ = {isa = PBXFileReference; lastKnownFileType = sourcecode.swift; path = LoginPresenter.swift; sourceTree = "<group>"; };
		574F27A628C7922A0092D293 /* Validator.swift */ = {isa = PBXFileReference; lastKnownFileType = sourcecode.swift; path = Validator.swift; sourceTree = "<group>"; };
		574F27A828C7A6C70092D293 /* LoginViewController.swift */ = {isa = PBXFileReference; lastKnownFileType = sourcecode.swift; path = LoginViewController.swift; sourceTree = "<group>"; };
		574F27AA28C7C5A40092D293 /* GoogleService-Info.plist */ = {isa = PBXFileReference; fileEncoding = 4; lastKnownFileType = text.plist.xml; path = "GoogleService-Info.plist"; sourceTree = "<group>"; };
		574F27AC28CB5A510092D293 /* Session.swift */ = {isa = PBXFileReference; lastKnownFileType = sourcecode.swift; path = Session.swift; sourceTree = "<group>"; };
		57508A4928BE4BBF000328AC /* Cart.swift */ = {isa = PBXFileReference; lastKnownFileType = sourcecode.swift; path = Cart.swift; sourceTree = "<group>"; };
		57508A4B28BE4DF7000328AC /* Order.swift */ = {isa = PBXFileReference; lastKnownFileType = sourcecode.swift; path = Order.swift; sourceTree = "<group>"; };
		57508A5128BEA041000328AC /* AuthGatewayImpl.swift */ = {isa = PBXFileReference; lastKnownFileType = sourcecode.swift; path = AuthGatewayImpl.swift; sourceTree = "<group>"; };
		57508A5328BEA7D9000328AC /* ProductGatewayImpl.swift */ = {isa = PBXFileReference; lastKnownFileType = sourcecode.swift; path = ProductGatewayImpl.swift; sourceTree = "<group>"; };
		57508A5728BF45E5000328AC /* AuthProvider.swift */ = {isa = PBXFileReference; lastKnownFileType = sourcecode.swift; path = AuthProvider.swift; sourceTree = "<group>"; };
		57508A5928BF54E5000328AC /* ProfileRemoteRepositoryImpl.swift */ = {isa = PBXFileReference; lastKnownFileType = sourcecode.swift; path = ProfileRemoteRepositoryImpl.swift; sourceTree = "<group>"; };
		57508A5C28BFB34B000328AC /* ApiClient.swift */ = {isa = PBXFileReference; lastKnownFileType = sourcecode.swift; path = ApiClient.swift; sourceTree = "<group>"; };
		57508A5E28BFB372000328AC /* ApiProduct.swift */ = {isa = PBXFileReference; lastKnownFileType = sourcecode.swift; path = ApiProduct.swift; sourceTree = "<group>"; };
		57508A6428BFD48A000328AC /* ProfileGateway.swift */ = {isa = PBXFileReference; lastKnownFileType = sourcecode.swift; path = ProfileGateway.swift; sourceTree = "<group>"; };
		57508A6628BFD525000328AC /* ProfileGatewayImpl.swift */ = {isa = PBXFileReference; lastKnownFileType = sourcecode.swift; path = ProfileGatewayImpl.swift; sourceTree = "<group>"; };
		57508A6828BFDC71000328AC /* CartItemsGateway.swift */ = {isa = PBXFileReference; lastKnownFileType = sourcecode.swift; path = CartItemsGateway.swift; sourceTree = "<group>"; };
		57508A6A28BFDC8D000328AC /* CartGatewayImpl.swift */ = {isa = PBXFileReference; lastKnownFileType = sourcecode.swift; path = CartGatewayImpl.swift; sourceTree = "<group>"; };
		577301F928BBFB4E007FB72F /* ClassDiagram.mdj */ = {isa = PBXFileReference; fileEncoding = 4; lastKnownFileType = text; path = ClassDiagram.mdj; sourceTree = "<group>"; };
		577301FB28BBFD29007FB72F /* AppDesign.png */ = {isa = PBXFileReference; lastKnownFileType = image.png; path = AppDesign.png; sourceTree = "<group>"; };
		5773020328BBFE9A007FB72F /* Product.swift */ = {isa = PBXFileReference; lastKnownFileType = sourcecode.swift; path = Product.swift; sourceTree = "<group>"; };
		5773020528BBFF6E007FB72F /* Profile.swift */ = {isa = PBXFileReference; lastKnownFileType = sourcecode.swift; path = Profile.swift; sourceTree = "<group>"; };
		5773020728BC010F007FB72F /* ProductGateway.swift */ = {isa = PBXFileReference; lastKnownFileType = sourcecode.swift; path = ProductGateway.swift; sourceTree = "<group>"; };
		5773020928BC0226007FB72F /* FetchProductsUseCase.swift */ = {isa = PBXFileReference; lastKnownFileType = sourcecode.swift; path = FetchProductsUseCase.swift; sourceTree = "<group>"; };
		5773020D28BC040E007FB72F /* AuthGateway.swift */ = {isa = PBXFileReference; lastKnownFileType = sourcecode.swift; path = AuthGateway.swift; sourceTree = "<group>"; };
		5773020F28BCE474007FB72F /* Result.swift */ = {isa = PBXFileReference; lastKnownFileType = sourcecode.swift; path = Result.swift; sourceTree = "<group>"; };
		577B93C328C1E12100E31B88 /* LoginRequest.swift */ = {isa = PBXFileReference; lastKnownFileType = sourcecode.swift; path = LoginRequest.swift; sourceTree = "<group>"; };
		577B93C928C1F8B400E31B88 /* LoginUseCase.swift */ = {isa = PBXFileReference; lastKnownFileType = sourcecode.swift; path = LoginUseCase.swift; sourceTree = "<group>"; };
		577B93CF28C2059E00E31B88 /* RegisterUseCase.swift */ = {isa = PBXFileReference; lastKnownFileType = sourcecode.swift; path = RegisterUseCase.swift; sourceTree = "<group>"; };
		577B93D228C2064600E31B88 /* RegisterRequest.swift */ = {isa = PBXFileReference; lastKnownFileType = sourcecode.swift; path = RegisterRequest.swift; sourceTree = "<group>"; };
		577B93D628C20FE300E31B88 /* LoginWithFacebookUseCase.swift */ = {isa = PBXFileReference; lastKnownFileType = sourcecode.swift; path = LoginWithFacebookUseCase.swift; sourceTree = "<group>"; };
		577B93D928C2199900E31B88 /* ForgotPasswordUseCase.swift */ = {isa = PBXFileReference; lastKnownFileType = sourcecode.swift; path = ForgotPasswordUseCase.swift; sourceTree = "<group>"; };
		577B93DA28C2199900E31B88 /* ForgotPasswordRequest.swift */ = {isa = PBXFileReference; lastKnownFileType = sourcecode.swift; path = ForgotPasswordRequest.swift; sourceTree = "<group>"; };
		577B93DC28C21A8900E31B88 /* LogoutUseCase.swift */ = {isa = PBXFileReference; lastKnownFileType = sourcecode.swift; path = LogoutUseCase.swift; sourceTree = "<group>"; };
		57FA9D2E28C3322100DEB112 /* MyPlayground.playground */ = {isa = PBXFileReference; lastKnownFileType = file.playground; path = MyPlayground.playground; sourceTree = "<group>"; xcLanguageSpecificationIdentifier = xcode.lang.swift; };
		57FF080F28A503B600FE5FC9 /* 07 RayBan Store.app */ = {isa = PBXFileReference; explicitFileType = wrapper.application; includeInIndex = 0; path = "07 RayBan Store.app"; sourceTree = BUILT_PRODUCTS_DIR; };
		57FF081228A503B600FE5FC9 /* AppDelegate.swift */ = {isa = PBXFileReference; lastKnownFileType = sourcecode.swift; path = AppDelegate.swift; sourceTree = "<group>"; };
		57FF081428A503B600FE5FC9 /* SceneDelegate.swift */ = {isa = PBXFileReference; lastKnownFileType = sourcecode.swift; path = SceneDelegate.swift; sourceTree = "<group>"; };
		57FF081628A503B600FE5FC9 /* ViewController.swift */ = {isa = PBXFileReference; lastKnownFileType = sourcecode.swift; path = ViewController.swift; sourceTree = "<group>"; };
		57FF081B28A503B700FE5FC9 /* Assets.xcassets */ = {isa = PBXFileReference; lastKnownFileType = folder.assetcatalog; path = Assets.xcassets; sourceTree = "<group>"; };
		57FF081E28A503B700FE5FC9 /* Base */ = {isa = PBXFileReference; lastKnownFileType = file.storyboard; name = Base; path = Base.lproj/LaunchScreen.storyboard; sourceTree = "<group>"; };
		57FF082028A503B700FE5FC9 /* Info.plist */ = {isa = PBXFileReference; lastKnownFileType = text.plist.xml; path = Info.plist; sourceTree = "<group>"; };
		69243D96E0170934A5734306 /* Pods-07 RayBan Store.release.xcconfig */ = {isa = PBXFileReference; includeInIndex = 1; lastKnownFileType = text.xcconfig; name = "Pods-07 RayBan Store.release.xcconfig"; path = "Target Support Files/Pods-07 RayBan Store/Pods-07 RayBan Store.release.xcconfig"; sourceTree = "<group>"; };
		73267EFE8ACDDDE096C72367 /* Pods-07 RayBan Store.debug.xcconfig */ = {isa = PBXFileReference; includeInIndex = 1; lastKnownFileType = text.xcconfig; name = "Pods-07 RayBan Store.debug.xcconfig"; path = "Target Support Files/Pods-07 RayBan Store/Pods-07 RayBan Store.debug.xcconfig"; sourceTree = "<group>"; };
/* End PBXFileReference section */

/* Begin PBXFrameworksBuildPhase section */
		57FF080C28A503B600FE5FC9 /* Frameworks */ = {
			isa = PBXFrameworksBuildPhase;
			buildActionMask = 2147483647;
			files = (
				F6BE35325CAA04607AC7FA1F /* Pods_07_RayBan_Store.framework in Frameworks */,
			);
			runOnlyForDeploymentPostprocessing = 0;
		};
/* End PBXFrameworksBuildPhase section */

/* Begin PBXGroup section */
		4E1A53091ECA2C5B553C9356 /* Pods */ = {
			isa = PBXGroup;
			children = (
				73267EFE8ACDDDE096C72367 /* Pods-07 RayBan Store.debug.xcconfig */,
				69243D96E0170934A5734306 /* Pods-07 RayBan Store.release.xcconfig */,
			);
			path = Pods;
			sourceTree = "<group>";
		};
		574F275528C349810092D293 /* IsUserAuthenticated */ = {
			isa = PBXGroup;
			children = (
				574F275628C349AB0092D293 /* IsUserAuthenticatedUseCase.swift */,
			);
			path = IsUserAuthenticated;
			sourceTree = "<group>";
		};
		574F275C28C368A40092D293 /* DTOs */ = {
			isa = PBXGroup;
			children = (
				574F278C28C4BC530092D293 /* OrderDTO.swift */,
				574F277128C38D430092D293 /* ProfileDTO.swift */,
				574F275D28C368B00092D293 /* ProductDTO.swift */,
				574F278A28C4B6720092D293 /* CartItemDTO.swift */,
				574F276728C377750092D293 /* ProductImagesDTO.swift */,
			);
			path = DTOs;
			sourceTree = "<group>";
		};
		574F275F28C36C160092D293 /* FetchProducts */ = {
			isa = PBXGroup;
			children = (
				5773020928BC0226007FB72F /* FetchProductsUseCase.swift */,
				574F275828C360550092D293 /* FetchProductsRequest.swift */,
				574F275A28C364920092D293 /* FetchProductsResponse.swift */,
			);
			path = FetchProducts;
			sourceTree = "<group>";
		};
		574F276028C36C3E0092D293 /* FetchProductImages */ = {
			isa = PBXGroup;
			children = (
				574F276128C3720C0092D293 /* FetchProductImagesUseCase.swift */,
				574F276328C372450092D293 /* FetchProductImagesRequest.swift */,
				574F276528C3728D0092D293 /* FetchProductImagesResponse.swift */,
			);
			path = FetchProductImages;
			sourceTree = "<group>";
		};
		574F276928C38ACE0092D293 /* IsProfileFilled */ = {
			isa = PBXGroup;
			children = (
				574F276B28C38AFE0092D293 /* IsProfileFilledUseCase.swift */,
			);
			path = IsProfileFilled;
			sourceTree = "<group>";
		};
		574F276A28C38AD90092D293 /* UpdateProfile */ = {
			isa = PBXGroup;
			children = (
				574F276D28C38BDB0092D293 /* UpdateProfileUseCase.swift */,
				574F276F28C38C990092D293 /* UpdateProfileRequest.swift */,
			);
			path = UpdateProfile;
			sourceTree = "<group>";
		};
		574F277328C38ED00092D293 /* IsCartEmpty */ = {
			isa = PBXGroup;
			children = (
				574F277928C38F7B0092D293 /* IsCartEmptyUseCase.swift */,
			);
			path = IsCartEmpty;
			sourceTree = "<group>";
		};
		574F277428C38EE20092D293 /* CreateOrder */ = {
			isa = PBXGroup;
			children = (
				574F278328C38FA90092D293 /* CreateOrderUseCase.swift */,
				574F279E28C66EC90092D293 /* CreateOrderRequest.swift */,
				574F27A028C676970092D293 /* CreateOrderResponse.swift */,
			);
			path = CreateOrder;
			sourceTree = "<group>";
		};
		574F277528C38EEC0092D293 /* FetchCartItems */ = {
			isa = PBXGroup;
			children = (
				574F278128C38F9F0092D293 /* FetchCartItemsUseCase.swift */,
				574F279C28C539D50092D293 /* FetchCartItemsResponse.swift */,
			);
			path = FetchCartItems;
			sourceTree = "<group>";
		};
		574F277628C38F0A0092D293 /* UpdateCartItemAmount */ = {
			isa = PBXGroup;
			children = (
				574F277F28C38F970092D293 /* UpdateCartItemAmountUseCase.swift */,
				574F279228C531C70092D293 /* UpdateCartItemAmountRequest.swift */,
				574F279A28C538BC0092D293 /* UpdateCartItemAmountResponse.swift */,
			);
			path = UpdateCartItemAmount;
			sourceTree = "<group>";
		};
		574F277728C38F500092D293 /* DeleteCartItem */ = {
			isa = PBXGroup;
			children = (
				574F277D28C38F8E0092D293 /* DeleteCartItemUseCase.swift */,
				574F279028C531BF0092D293 /* DeleteCartItemRequest.swift */,
				574F279828C535A80092D293 /* DeleteCartItemResponse.swift */,
			);
			path = DeleteCartItem;
			sourceTree = "<group>";
		};
		574F277828C38F600092D293 /* AddCartItem */ = {
			isa = PBXGroup;
			children = (
				574F277B28C38F860092D293 /* AddCartItemUseCase.swift */,
				574F278528C390680092D293 /* AddCartItemRequest.swift */,
				574F279628C533F30092D293 /* AddCartItemResponse.swift */,
			);
			path = AddCartItem;
			sourceTree = "<group>";
		};
		574F27A228C68D1D0092D293 /* Scenes */ = {
			isa = PBXGroup;
			children = (
				574F27A528C68D900092D293 /* Login */,
			);
			path = Scenes;
			sourceTree = "<group>";
		};
		574F27A528C68D900092D293 /* Login */ = {
			isa = PBXGroup;
			children = (
				574F27A328C68D870092D293 /* LoginPresenter.swift */,
				574F27A828C7A6C70092D293 /* LoginViewController.swift */,
			);
			path = Login;
			sourceTree = "<group>";
		};
		57508A4F28BE9ECC000328AC /* Gateways */ = {
			isa = PBXGroup;
			children = (
				57508A5128BEA041000328AC /* AuthGatewayImpl.swift */,
				57508A6628BFD525000328AC /* ProfileGatewayImpl.swift */,
				57508A5328BEA7D9000328AC /* ProductGatewayImpl.swift */,
				57508A6A28BFDC8D000328AC /* CartGatewayImpl.swift */,
			);
			path = Gateways;
			sourceTree = "<group>";
		};
		57508A5028BE9ED8000328AC /* Repositories */ = {
			isa = PBXGroup;
			children = (
				57508A5928BF54E5000328AC /* ProfileRemoteRepositoryImpl.swift */,
			);
			path = Repositories;
			sourceTree = "<group>";
		};
		57508A5B28BFB315000328AC /* APIs */ = {
			isa = PBXGroup;
			children = (
				57508A5728BF45E5000328AC /* AuthProvider.swift */,
				57508A5C28BFB34B000328AC /* ApiClient.swift */,
				57508A5E28BFB372000328AC /* ApiProduct.swift */,
			);
			path = APIs;
			sourceTree = "<group>";
		};
		577301F828BBFA50007FB72F /* Application */ = {
			isa = PBXGroup;
			children = (
				57FF081228A503B600FE5FC9 /* AppDelegate.swift */,
				57FF081428A503B600FE5FC9 /* SceneDelegate.swift */,
				57FF081B28A503B700FE5FC9 /* Assets.xcassets */,
				57FF081D28A503B700FE5FC9 /* LaunchScreen.storyboard */,
				57FF082028A503B700FE5FC9 /* Info.plist */,
				574F27AA28C7C5A40092D293 /* GoogleService-Info.plist */,
			);
			path = Application;
			sourceTree = "<group>";
		};
		577301FD28BBFDEF007FB72F /* Domain */ = {
			isa = PBXGroup;
			children = (
				577301FE28BBFDFD007FB72F /* Entities */,
				5773020028BBFE17007FB72F /* UseCases */,
				577301FF28BBFE05007FB72F /* Gateways */,
				577B93CD28C1FB9B00E31B88 /* Common */,
			);
			path = Domain;
			sourceTree = "<group>";
		};
		577301FE28BBFDFD007FB72F /* Entities */ = {
			isa = PBXGroup;
			children = (
				5773020528BBFF6E007FB72F /* Profile.swift */,
				5773020328BBFE9A007FB72F /* Product.swift */,
				57508A4928BE4BBF000328AC /* Cart.swift */,
				57508A4B28BE4DF7000328AC /* Order.swift */,
			);
			path = Entities;
			sourceTree = "<group>";
		};
		577301FF28BBFE05007FB72F /* Gateways */ = {
			isa = PBXGroup;
			children = (
				5773020D28BC040E007FB72F /* AuthGateway.swift */,
				57508A6428BFD48A000328AC /* ProfileGateway.swift */,
				5773020728BC010F007FB72F /* ProductGateway.swift */,
				57508A6828BFDC71000328AC /* CartItemsGateway.swift */,
				574F278E28C4C3150092D293 /* OrderGateway.swift */,
			);
			path = Gateways;
			sourceTree = "<group>";
		};
		5773020028BBFE17007FB72F /* UseCases */ = {
			isa = PBXGroup;
			children = (
				577B93BD28C1DBC300E31B88 /* Auth */,
				577B93BF28C1DBE800E31B88 /* Profile */,
				577B93BE28C1DBE000E31B88 /* Product */,
				577B93C028C1DBF100E31B88 /* Cart */,
			);
			path = UseCases;
			sourceTree = "<group>";
		};
		5773020128BBFE3D007FB72F /* Data */ = {
			isa = PBXGroup;
			children = (
				574F275C28C368A40092D293 /* DTOs */,
				57508A4F28BE9ECC000328AC /* Gateways */,
				57508A5B28BFB315000328AC /* APIs */,
				57508A5028BE9ED8000328AC /* Repositories */,
			);
			path = Data;
			sourceTree = "<group>";
		};
		5773020228BBFE51007FB72F /* Presentation */ = {
			isa = PBXGroup;
			children = (
				574F27A228C68D1D0092D293 /* Scenes */,
				57FF081628A503B600FE5FC9 /* ViewController.swift */,
			);
			path = Presentation;
			sourceTree = "<group>";
		};
		5773021128BCE7C5007FB72F /* Documents */ = {
			isa = PBXGroup;
			children = (
				577301FB28BBFD29007FB72F /* AppDesign.png */,
				577301F928BBFB4E007FB72F /* ClassDiagram.mdj */,
			);
			path = Documents;
			sourceTree = "<group>";
		};
		577B93BD28C1DBC300E31B88 /* Auth */ = {
			isa = PBXGroup;
			children = (
				574F275528C349810092D293 /* IsUserAuthenticated */,
				577B93CC28C1FB4000E31B88 /* Login */,
				577B93CE28C2058A00E31B88 /* Register */,
				577B93D528C20FB100E31B88 /* LoginWithFacebook */,
				577B93D828C2198600E31B88 /* ForgotPassword */,
				577B93DB28C21A7200E31B88 /* Logout */,
			);
			path = Auth;
			sourceTree = "<group>";
		};
		577B93BE28C1DBE000E31B88 /* Product */ = {
			isa = PBXGroup;
			children = (
				574F276028C36C3E0092D293 /* FetchProductImages */,
				574F275F28C36C160092D293 /* FetchProducts */,
			);
			path = Product;
			sourceTree = "<group>";
		};
		577B93BF28C1DBE800E31B88 /* Profile */ = {
			isa = PBXGroup;
			children = (
				574F276928C38ACE0092D293 /* IsProfileFilled */,
				574F276A28C38AD90092D293 /* UpdateProfile */,
			);
			path = Profile;
			sourceTree = "<group>";
		};
		577B93C028C1DBF100E31B88 /* Cart */ = {
			isa = PBXGroup;
			children = (
				574F277328C38ED00092D293 /* IsCartEmpty */,
				574F277828C38F600092D293 /* AddCartItem */,
				574F277728C38F500092D293 /* DeleteCartItem */,
				574F277628C38F0A0092D293 /* UpdateCartItemAmount */,
				574F277528C38EEC0092D293 /* FetchCartItems */,
				574F277428C38EE20092D293 /* CreateOrder */,
			);
			path = Cart;
			sourceTree = "<group>";
		};
		577B93CC28C1FB4000E31B88 /* Login */ = {
			isa = PBXGroup;
			children = (
				577B93C928C1F8B400E31B88 /* LoginUseCase.swift */,
				577B93C328C1E12100E31B88 /* LoginRequest.swift */,
			);
			path = Login;
			sourceTree = "<group>";
		};
		577B93CD28C1FB9B00E31B88 /* Common */ = {
			isa = PBXGroup;
			children = (
				5773020F28BCE474007FB72F /* Result.swift */,
				574F27AC28CB5A510092D293 /* Session.swift */,
				574F27A628C7922A0092D293 /* Validator.swift */,
			);
			path = Common;
			sourceTree = "<group>";
		};
		577B93CE28C2058A00E31B88 /* Register */ = {
			isa = PBXGroup;
			children = (
				577B93CF28C2059E00E31B88 /* RegisterUseCase.swift */,
				577B93D228C2064600E31B88 /* RegisterRequest.swift */,
			);
			path = Register;
			sourceTree = "<group>";
		};
		577B93D528C20FB100E31B88 /* LoginWithFacebook */ = {
			isa = PBXGroup;
			children = (
				577B93D628C20FE300E31B88 /* LoginWithFacebookUseCase.swift */,
			);
			path = LoginWithFacebook;
			sourceTree = "<group>";
		};
		577B93D828C2198600E31B88 /* ForgotPassword */ = {
			isa = PBXGroup;
			children = (
				577B93D928C2199900E31B88 /* ForgotPasswordUseCase.swift */,
				577B93DA28C2199900E31B88 /* ForgotPasswordRequest.swift */,
			);
			path = ForgotPassword;
			sourceTree = "<group>";
		};
		577B93DB28C21A7200E31B88 /* Logout */ = {
			isa = PBXGroup;
			children = (
				577B93DC28C21A8900E31B88 /* LogoutUseCase.swift */,
			);
			path = Logout;
			sourceTree = "<group>";
		};
		57FF080628A503B600FE5FC9 = {
			isa = PBXGroup;
			children = (
				57FF081128A503B600FE5FC9 /* 07 RayBan Store */,
				57FF081028A503B600FE5FC9 /* Products */,
				4E1A53091ECA2C5B553C9356 /* Pods */,
				B99DCD7E15723BF8F9999736 /* Frameworks */,
			);
			sourceTree = "<group>";
		};
		57FF081028A503B600FE5FC9 /* Products */ = {
			isa = PBXGroup;
			children = (
				57FF080F28A503B600FE5FC9 /* 07 RayBan Store.app */,
			);
			name = Products;
			sourceTree = "<group>";
		};
		57FF081128A503B600FE5FC9 /* 07 RayBan Store */ = {
			isa = PBXGroup;
			children = (
				5773021128BCE7C5007FB72F /* Documents */,
				577301FD28BBFDEF007FB72F /* Domain */,
				5773020128BBFE3D007FB72F /* Data */,
				5773020228BBFE51007FB72F /* Presentation */,
				577301F828BBFA50007FB72F /* Application */,
				57FA9D2E28C3322100DEB112 /* MyPlayground.playground */,
			);
			path = "07 RayBan Store";
			sourceTree = "<group>";
		};
		B99DCD7E15723BF8F9999736 /* Frameworks */ = {
			isa = PBXGroup;
			children = (
				182FDD2E74C1FCC59D858C5A /* Pods_07_RayBan_Store.framework */,
			);
			name = Frameworks;
			sourceTree = "<group>";
		};
/* End PBXGroup section */

/* Begin PBXNativeTarget section */
		57FF080E28A503B600FE5FC9 /* 07 RayBan Store */ = {
			isa = PBXNativeTarget;
			buildConfigurationList = 57FF082328A503B700FE5FC9 /* Build configuration list for PBXNativeTarget "07 RayBan Store" */;
			buildPhases = (
				61FA22104201613F8AFF7171 /* [CP] Check Pods Manifest.lock */,
				57FF080B28A503B600FE5FC9 /* Sources */,
				57FF080C28A503B600FE5FC9 /* Frameworks */,
				57FF080D28A503B600FE5FC9 /* Resources */,
				5781E1SWIFTLINT8001842E1 /* ShellScript */,
				70EDAEE0475C7A11B4594CB2 /* [CP] Embed Pods Frameworks */,
			);
			buildRules = (
			);
			dependencies = (
			);
			name = "07 RayBan Store";
			productName = "07 RayBan Store";
			productReference = 57FF080F28A503B600FE5FC9 /* 07 RayBan Store.app */;
			productType = "com.apple.product-type.application";
		};
/* End PBXNativeTarget section */

/* Begin PBXProject section */
		57FF080728A503B600FE5FC9 /* Project object */ = {
			isa = PBXProject;
			attributes = {
				BuildIndependentTargetsInParallel = 1;
				LastSwiftUpdateCheck = 1340;
				LastUpgradeCheck = 1340;
				TargetAttributes = {
					57FF080E28A503B600FE5FC9 = {
						CreatedOnToolsVersion = 13.4.1;
					};
				};
			};
			buildConfigurationList = 57FF080A28A503B600FE5FC9 /* Build configuration list for PBXProject "07 RayBan Store" */;
			compatibilityVersion = "Xcode 13.0";
			developmentRegion = en;
			hasScannedForEncodings = 0;
			knownRegions = (
				en,
				Base,
			);
			mainGroup = 57FF080628A503B600FE5FC9;
			productRefGroup = 57FF081028A503B600FE5FC9 /* Products */;
			projectDirPath = "";
			projectRoot = "";
			targets = (
				57FF080E28A503B600FE5FC9 /* 07 RayBan Store */,
			);
		};
/* End PBXProject section */

/* Begin PBXResourcesBuildPhase section */
		57FF080D28A503B600FE5FC9 /* Resources */ = {
			isa = PBXResourcesBuildPhase;
			buildActionMask = 2147483647;
			files = (
				57FF081F28A503B700FE5FC9 /* LaunchScreen.storyboard in Resources */,
				577301FA28BBFB4E007FB72F /* ClassDiagram.mdj in Resources */,
				574F27AB28C7C5A40092D293 /* GoogleService-Info.plist in Resources */,
				577301FC28BBFD29007FB72F /* AppDesign.png in Resources */,
				57FF081C28A503B700FE5FC9 /* Assets.xcassets in Resources */,
			);
			runOnlyForDeploymentPostprocessing = 0;
		};
/* End PBXResourcesBuildPhase section */

/* Begin PBXShellScriptBuildPhase section */
		5781E1SWIFTLINT8001842E1 /* ShellScript */ = {
			isa = PBXShellScriptBuildPhase;
			buildActionMask = 2147483647;
			files = (
			);
			inputFileListPaths = (
			);
			inputPaths = (
			);
			outputFileListPaths = (
			);
			outputPaths = (
			);
			runOnlyForDeploymentPostprocessing = 0;
			shellPath = /bin/sh;
			shellScript = "\"${PODS_ROOT}/SwiftLint/swiftlint\"\n";
		};
		61FA22104201613F8AFF7171 /* [CP] Check Pods Manifest.lock */ = {
			isa = PBXShellScriptBuildPhase;
			buildActionMask = 2147483647;
			files = (
			);
			inputFileListPaths = (
			);
			inputPaths = (
				"${PODS_PODFILE_DIR_PATH}/Podfile.lock",
				"${PODS_ROOT}/Manifest.lock",
			);
			name = "[CP] Check Pods Manifest.lock";
			outputFileListPaths = (
			);
			outputPaths = (
				"$(DERIVED_FILE_DIR)/Pods-07 RayBan Store-checkManifestLockResult.txt",
			);
			runOnlyForDeploymentPostprocessing = 0;
			shellPath = /bin/sh;
			shellScript = "diff \"${PODS_PODFILE_DIR_PATH}/Podfile.lock\" \"${PODS_ROOT}/Manifest.lock\" > /dev/null\nif [ $? != 0 ] ; then\n    # print error to STDERR\n    echo \"error: The sandbox is not in sync with the Podfile.lock. Run 'pod install' or update your CocoaPods installation.\" >&2\n    exit 1\nfi\n# This output is used by Xcode 'outputs' to avoid re-running this script phase.\necho \"SUCCESS\" > \"${SCRIPT_OUTPUT_FILE_0}\"\n";
			showEnvVarsInLog = 0;
		};
		70EDAEE0475C7A11B4594CB2 /* [CP] Embed Pods Frameworks */ = {
			isa = PBXShellScriptBuildPhase;
			buildActionMask = 2147483647;
			files = (
			);
			inputFileListPaths = (
				"${PODS_ROOT}/Target Support Files/Pods-07 RayBan Store/Pods-07 RayBan Store-frameworks-${CONFIGURATION}-input-files.xcfilelist",
			);
			name = "[CP] Embed Pods Frameworks";
			outputFileListPaths = (
				"${PODS_ROOT}/Target Support Files/Pods-07 RayBan Store/Pods-07 RayBan Store-frameworks-${CONFIGURATION}-output-files.xcfilelist",
			);
			runOnlyForDeploymentPostprocessing = 0;
			shellPath = /bin/sh;
			shellScript = "\"${PODS_ROOT}/Target Support Files/Pods-07 RayBan Store/Pods-07 RayBan Store-frameworks.sh\"\n";
			showEnvVarsInLog = 0;
		};
/* End PBXShellScriptBuildPhase section */

/* Begin PBXSourcesBuildPhase section */
		57FF080B28A503B600FE5FC9 /* Sources */ = {
			isa = PBXSourcesBuildPhase;
			buildActionMask = 2147483647;
			files = (
				57508A6B28BFDC8D000328AC /* CartGatewayImpl.swift in Sources */,
				57508A6928BFDC71000328AC /* CartItemsGateway.swift in Sources */,
				57FF081728A503B600FE5FC9 /* ViewController.swift in Sources */,
				577B93D028C2059E00E31B88 /* RegisterUseCase.swift in Sources */,
				5773020A28BC0226007FB72F /* FetchProductsUseCase.swift in Sources */,
				57508A5A28BF54E5000328AC /* ProfileRemoteRepositoryImpl.swift in Sources */,
				577B93C428C1E12100E31B88 /* LoginRequest.swift in Sources */,
				5773020628BBFF6E007FB72F /* Profile.swift in Sources */,
				574F277028C38C990092D293 /* UpdateProfileRequest.swift in Sources */,
				574F277A28C38F7B0092D293 /* IsCartEmptyUseCase.swift in Sources */,
				574F279728C533F30092D293 /* AddCartItemResponse.swift in Sources */,
				574F27A128C676970092D293 /* CreateOrderResponse.swift in Sources */,
				5773020828BC010F007FB72F /* ProductGateway.swift in Sources */,
				57508A4A28BE4BBF000328AC /* Cart.swift in Sources */,
				574F278B28C4B6720092D293 /* CartItemDTO.swift in Sources */,
				57508A5428BEA7D9000328AC /* ProductGatewayImpl.swift in Sources */,
				57508A4C28BE4DF7000328AC /* Order.swift in Sources */,
				574F278F28C4C3150092D293 /* OrderGateway.swift in Sources */,
				574F278D28C4BC530092D293 /* OrderDTO.swift in Sources */,
				57508A6528BFD48A000328AC /* ProfileGateway.swift in Sources */,
				577B93D328C2064600E31B88 /* RegisterRequest.swift in Sources */,
				57508A5228BEA041000328AC /* AuthGatewayImpl.swift in Sources */,
				5773020428BBFE9A007FB72F /* Product.swift in Sources */,
				574F276228C3720C0092D293 /* FetchProductImagesUseCase.swift in Sources */,
				577B93D728C20FE300E31B88 /* LoginWithFacebookUseCase.swift in Sources */,
				57508A5D28BFB34B000328AC /* ApiClient.swift in Sources */,
				574F277228C38D430092D293 /* ProfileDTO.swift in Sources */,
				574F278228C38F9F0092D293 /* FetchCartItemsUseCase.swift in Sources */,
				574F275B28C364920092D293 /* FetchProductsResponse.swift in Sources */,
				574F278028C38F970092D293 /* UpdateCartItemAmountUseCase.swift in Sources */,
				574F276C28C38AFE0092D293 /* IsProfileFilledUseCase.swift in Sources */,
				57FF081328A503B600FE5FC9 /* AppDelegate.swift in Sources */,
				5773021028BCE474007FB72F /* Result.swift in Sources */,
				574F279D28C539D50092D293 /* FetchCartItemsResponse.swift in Sources */,
				574F275728C349AB0092D293 /* IsUserAuthenticatedUseCase.swift in Sources */,
				57FF081528A503B600FE5FC9 /* SceneDelegate.swift in Sources */,
				574F279928C535A80092D293 /* DeleteCartItemResponse.swift in Sources */,
				577B93DD28C21A8900E31B88 /* LogoutUseCase.swift in Sources */,
				574F276E28C38BDB0092D293 /* UpdateProfileUseCase.swift in Sources */,
				57508A5828BF45E5000328AC /* AuthProvider.swift in Sources */,
				574F276628C3728D0092D293 /* FetchProductImagesResponse.swift in Sources */,
				574F275E28C368B10092D293 /* ProductDTO.swift in Sources */,
				574F279B28C538BC0092D293 /* UpdateCartItemAmountResponse.swift in Sources */,
				574F275928C360550092D293 /* FetchProductsRequest.swift in Sources */,
				574F27A928C7A6C70092D293 /* LoginViewController.swift in Sources */,
				574F27A728C7922A0092D293 /* Validator.swift in Sources */,
				574F279128C531BF0092D293 /* DeleteCartItemRequest.swift in Sources */,
				574F277C28C38F860092D293 /* AddCartItemUseCase.swift in Sources */,
				57508A5F28BFB372000328AC /* ApiProduct.swift in Sources */,
				574F27AD28CB5A510092D293 /* Session.swift in Sources */,
				574F278628C390680092D293 /* AddCartItemRequest.swift in Sources */,
				574F276828C377750092D293 /* ProductImagesDTO.swift in Sources */,
				57508A6728BFD525000328AC /* ProfileGatewayImpl.swift in Sources */,
				574F276428C372450092D293 /* FetchProductImagesRequest.swift in Sources */,
				574F278428C38FA90092D293 /* CreateOrderUseCase.swift in Sources */,
				574F279F28C66EC90092D293 /* CreateOrderRequest.swift in Sources */,
				574F277E28C38F8E0092D293 /* DeleteCartItemUseCase.swift in Sources */,
				5773020E28BC040E007FB72F /* AuthGateway.swift in Sources */,
				574F279328C531C70092D293 /* UpdateCartItemAmountRequest.swift in Sources */,
				577B93CA28C1F8B400E31B88 /* LoginUseCase.swift in Sources */,
				574F27A428C68D870092D293 /* LoginPresenter.swift in Sources */,
			);
			runOnlyForDeploymentPostprocessing = 0;
		};
/* End PBXSourcesBuildPhase section */

/* Begin PBXVariantGroup section */
		57FF081D28A503B700FE5FC9 /* LaunchScreen.storyboard */ = {
			isa = PBXVariantGroup;
			children = (
				57FF081E28A503B700FE5FC9 /* Base */,
			);
			name = LaunchScreen.storyboard;
			sourceTree = "<group>";
		};
/* End PBXVariantGroup section */

/* Begin XCBuildConfiguration section */
		57FF082128A503B700FE5FC9 /* Debug */ = {
			isa = XCBuildConfiguration;
			buildSettings = {
				ALWAYS_SEARCH_USER_PATHS = NO;
				CLANG_ANALYZER_NONNULL = YES;
				CLANG_ANALYZER_NUMBER_OBJECT_CONVERSION = YES_AGGRESSIVE;
				CLANG_CXX_LANGUAGE_STANDARD = "gnu++17";
				CLANG_ENABLE_MODULES = YES;
				CLANG_ENABLE_OBJC_ARC = YES;
				CLANG_ENABLE_OBJC_WEAK = YES;
				CLANG_WARN_BLOCK_CAPTURE_AUTORELEASING = YES;
				CLANG_WARN_BOOL_CONVERSION = YES;
				CLANG_WARN_COMMA = YES;
				CLANG_WARN_CONSTANT_CONVERSION = YES;
				CLANG_WARN_DEPRECATED_OBJC_IMPLEMENTATIONS = YES;
				CLANG_WARN_DIRECT_OBJC_ISA_USAGE = YES_ERROR;
				CLANG_WARN_DOCUMENTATION_COMMENTS = YES;
				CLANG_WARN_EMPTY_BODY = YES;
				CLANG_WARN_ENUM_CONVERSION = YES;
				CLANG_WARN_INFINITE_RECURSION = YES;
				CLANG_WARN_INT_CONVERSION = YES;
				CLANG_WARN_NON_LITERAL_NULL_CONVERSION = YES;
				CLANG_WARN_OBJC_IMPLICIT_RETAIN_SELF = YES;
				CLANG_WARN_OBJC_LITERAL_CONVERSION = YES;
				CLANG_WARN_OBJC_ROOT_CLASS = YES_ERROR;
				CLANG_WARN_QUOTED_INCLUDE_IN_FRAMEWORK_HEADER = YES;
				CLANG_WARN_RANGE_LOOP_ANALYSIS = YES;
				CLANG_WARN_STRICT_PROTOTYPES = YES;
				CLANG_WARN_SUSPICIOUS_MOVE = YES;
				CLANG_WARN_UNGUARDED_AVAILABILITY = YES_AGGRESSIVE;
				CLANG_WARN_UNREACHABLE_CODE = YES;
				CLANG_WARN__DUPLICATE_METHOD_MATCH = YES;
				COPY_PHASE_STRIP = NO;
				DEBUG_INFORMATION_FORMAT = dwarf;
				ENABLE_STRICT_OBJC_MSGSEND = YES;
				ENABLE_TESTABILITY = YES;
				GCC_C_LANGUAGE_STANDARD = gnu11;
				GCC_DYNAMIC_NO_PIC = NO;
				GCC_NO_COMMON_BLOCKS = YES;
				GCC_OPTIMIZATION_LEVEL = 0;
				GCC_PREPROCESSOR_DEFINITIONS = (
					"DEBUG=1",
					"$(inherited)",
				);
				GCC_WARN_64_TO_32_BIT_CONVERSION = YES;
				GCC_WARN_ABOUT_RETURN_TYPE = YES_ERROR;
				GCC_WARN_UNDECLARED_SELECTOR = YES;
				GCC_WARN_UNINITIALIZED_AUTOS = YES_AGGRESSIVE;
				GCC_WARN_UNUSED_FUNCTION = YES;
				GCC_WARN_UNUSED_VARIABLE = YES;
				IPHONEOS_DEPLOYMENT_TARGET = 15.5;
				MTL_ENABLE_DEBUG_INFO = INCLUDE_SOURCE;
				MTL_FAST_MATH = YES;
				ONLY_ACTIVE_ARCH = YES;
				SDKROOT = iphoneos;
				SWIFT_ACTIVE_COMPILATION_CONDITIONS = DEBUG;
				SWIFT_OPTIMIZATION_LEVEL = "-Onone";
			};
			name = Debug;
		};
		57FF082228A503B700FE5FC9 /* Release */ = {
			isa = XCBuildConfiguration;
			buildSettings = {
				ALWAYS_SEARCH_USER_PATHS = NO;
				CLANG_ANALYZER_NONNULL = YES;
				CLANG_ANALYZER_NUMBER_OBJECT_CONVERSION = YES_AGGRESSIVE;
				CLANG_CXX_LANGUAGE_STANDARD = "gnu++17";
				CLANG_ENABLE_MODULES = YES;
				CLANG_ENABLE_OBJC_ARC = YES;
				CLANG_ENABLE_OBJC_WEAK = YES;
				CLANG_WARN_BLOCK_CAPTURE_AUTORELEASING = YES;
				CLANG_WARN_BOOL_CONVERSION = YES;
				CLANG_WARN_COMMA = YES;
				CLANG_WARN_CONSTANT_CONVERSION = YES;
				CLANG_WARN_DEPRECATED_OBJC_IMPLEMENTATIONS = YES;
				CLANG_WARN_DIRECT_OBJC_ISA_USAGE = YES_ERROR;
				CLANG_WARN_DOCUMENTATION_COMMENTS = YES;
				CLANG_WARN_EMPTY_BODY = YES;
				CLANG_WARN_ENUM_CONVERSION = YES;
				CLANG_WARN_INFINITE_RECURSION = YES;
				CLANG_WARN_INT_CONVERSION = YES;
				CLANG_WARN_NON_LITERAL_NULL_CONVERSION = YES;
				CLANG_WARN_OBJC_IMPLICIT_RETAIN_SELF = YES;
				CLANG_WARN_OBJC_LITERAL_CONVERSION = YES;
				CLANG_WARN_OBJC_ROOT_CLASS = YES_ERROR;
				CLANG_WARN_QUOTED_INCLUDE_IN_FRAMEWORK_HEADER = YES;
				CLANG_WARN_RANGE_LOOP_ANALYSIS = YES;
				CLANG_WARN_STRICT_PROTOTYPES = YES;
				CLANG_WARN_SUSPICIOUS_MOVE = YES;
				CLANG_WARN_UNGUARDED_AVAILABILITY = YES_AGGRESSIVE;
				CLANG_WARN_UNREACHABLE_CODE = YES;
				CLANG_WARN__DUPLICATE_METHOD_MATCH = YES;
				COPY_PHASE_STRIP = NO;
				DEBUG_INFORMATION_FORMAT = "dwarf-with-dsym";
				ENABLE_NS_ASSERTIONS = NO;
				ENABLE_STRICT_OBJC_MSGSEND = YES;
				GCC_C_LANGUAGE_STANDARD = gnu11;
				GCC_NO_COMMON_BLOCKS = YES;
				GCC_WARN_64_TO_32_BIT_CONVERSION = YES;
				GCC_WARN_ABOUT_RETURN_TYPE = YES_ERROR;
				GCC_WARN_UNDECLARED_SELECTOR = YES;
				GCC_WARN_UNINITIALIZED_AUTOS = YES_AGGRESSIVE;
				GCC_WARN_UNUSED_FUNCTION = YES;
				GCC_WARN_UNUSED_VARIABLE = YES;
				IPHONEOS_DEPLOYMENT_TARGET = 15.5;
				MTL_ENABLE_DEBUG_INFO = NO;
				MTL_FAST_MATH = YES;
				SDKROOT = iphoneos;
				SWIFT_COMPILATION_MODE = wholemodule;
				SWIFT_OPTIMIZATION_LEVEL = "-O";
				VALIDATE_PRODUCT = YES;
			};
			name = Release;
		};
		57FF082428A503B700FE5FC9 /* Debug */ = {
			isa = XCBuildConfiguration;
			baseConfigurationReference = 73267EFE8ACDDDE096C72367 /* Pods-07 RayBan Store.debug.xcconfig */;
			buildSettings = {
				ASSETCATALOG_COMPILER_APPICON_NAME = AppIcon;
				ASSETCATALOG_COMPILER_GLOBAL_ACCENT_COLOR_NAME = AccentColor;
				CODE_SIGN_STYLE = Automatic;
				CURRENT_PROJECT_VERSION = 1;
				DEVELOPMENT_TEAM = P3BYVBK57Z;
				GENERATE_INFOPLIST_FILE = YES;
				INFOPLIST_FILE = "07 RayBan Store/Application/Info.plist";
				INFOPLIST_KEY_UIApplicationSupportsIndirectInputEvents = YES;
				INFOPLIST_KEY_UILaunchStoryboardName = LaunchScreen;
				INFOPLIST_KEY_UISupportedInterfaceOrientations = UIInterfaceOrientationPortrait;
				INFOPLIST_KEY_UISupportedInterfaceOrientations_iPad = UIInterfaceOrientationPortrait;
				INFOPLIST_KEY_UISupportedInterfaceOrientations_iPhone = UIInterfaceOrientationPortrait;
				LD_RUNPATH_SEARCH_PATHS = (
					"$(inherited)",
					"@executable_path/Frameworks",
				);
				MARKETING_VERSION = 1.0;
				OTHER_LDFLAGS = (
					"$(inherited)",
					"-l\"c++\"",
					"-l\"icucore\"",
					"-l\"z\"",
					"-framework",
					"\"CFNetwork\"",
					"-framework",
					"\"CoreTelephony\"",
					"-framework",
					"\"FBAEMKit\"",
					"-framework",
					"\"FBLPromises\"",
					"-framework",
					"\"FBSDKCoreKit\"",
					"-framework",
					"\"FBSDKCoreKit_Basics\"",
					"-framework",
					"\"FBSDKLoginKit\"",
					"-framework",
					"\"FirebaseAuth\"",
					"-framework",
					"\"FirebaseCore\"",
					"-framework",
					"\"FirebaseCoreDiagnostics\"",
					"-framework",
					"\"FirebaseCoreInternal\"",
					"-framework",
					"\"FirebaseDatabase\"",
					"-framework",
					"\"Foundation\"",
					"-framework",
					"\"GTMSessionFetcher\"",
					"-framework",
					"\"GoogleDataTransport\"",
					"-framework",
					"\"GoogleUtilities\"",
					"-framework",
					"\"SafariServices\"",
					"-framework",
					"\"Security\"",
					"-framework",
					"\"SystemConfiguration\"",
					"-framework",
					"\"UIKit\"",
					"-framework",
					"\"leveldb\"",
					"-framework",
					"\"nanopb\"",
				);
				PRODUCT_BUNDLE_IDENTIFIER = "ios.biiak.-7-RayBan-Store";
				PRODUCT_NAME = "$(TARGET_NAME)";
				SWIFT_EMIT_LOC_STRINGS = YES;
				SWIFT_VERSION = 5.0;
				TARGETED_DEVICE_FAMILY = 1;
			};
			name = Debug;
		};
		57FF082528A503B700FE5FC9 /* Release */ = {
			isa = XCBuildConfiguration;
			baseConfigurationReference = 69243D96E0170934A5734306 /* Pods-07 RayBan Store.release.xcconfig */;
			buildSettings = {
				ASSETCATALOG_COMPILER_APPICON_NAME = AppIcon;
				ASSETCATALOG_COMPILER_GLOBAL_ACCENT_COLOR_NAME = AccentColor;
				CODE_SIGN_STYLE = Automatic;
				CURRENT_PROJECT_VERSION = 1;
				DEVELOPMENT_TEAM = P3BYVBK57Z;
				GENERATE_INFOPLIST_FILE = YES;
				INFOPLIST_FILE = "07 RayBan Store/Application/Info.plist";
				INFOPLIST_KEY_UIApplicationSupportsIndirectInputEvents = YES;
				INFOPLIST_KEY_UILaunchStoryboardName = LaunchScreen;
				INFOPLIST_KEY_UISupportedInterfaceOrientations = UIInterfaceOrientationPortrait;
				INFOPLIST_KEY_UISupportedInterfaceOrientations_iPad = UIInterfaceOrientationPortrait;
				INFOPLIST_KEY_UISupportedInterfaceOrientations_iPhone = UIInterfaceOrientationPortrait;
				LD_RUNPATH_SEARCH_PATHS = (
					"$(inherited)",
					"@executable_path/Frameworks",
				);
				MARKETING_VERSION = 1.0;
				OTHER_LDFLAGS = (
					"$(inherited)",
					"-l\"c++\"",
					"-l\"icucore\"",
					"-l\"z\"",
					"-framework",
					"\"CFNetwork\"",
					"-framework",
					"\"CoreTelephony\"",
					"-framework",
					"\"FBAEMKit\"",
					"-framework",
					"\"FBLPromises\"",
					"-framework",
					"\"FBSDKCoreKit\"",
					"-framework",
					"\"FBSDKCoreKit_Basics\"",
					"-framework",
					"\"FBSDKLoginKit\"",
					"-framework",
					"\"FirebaseAuth\"",
					"-framework",
					"\"FirebaseCore\"",
					"-framework",
					"\"FirebaseCoreDiagnostics\"",
					"-framework",
					"\"FirebaseCoreInternal\"",
					"-framework",
					"\"FirebaseDatabase\"",
					"-framework",
					"\"Foundation\"",
					"-framework",
					"\"GTMSessionFetcher\"",
					"-framework",
					"\"GoogleDataTransport\"",
					"-framework",
					"\"GoogleUtilities\"",
					"-framework",
					"\"SafariServices\"",
					"-framework",
					"\"Security\"",
					"-framework",
					"\"SystemConfiguration\"",
					"-framework",
					"\"UIKit\"",
					"-framework",
					"\"leveldb\"",
					"-framework",
					"\"nanopb\"",
				);
				PRODUCT_BUNDLE_IDENTIFIER = "ios.biiak.-7-RayBan-Store";
				PRODUCT_NAME = "$(TARGET_NAME)";
				SWIFT_EMIT_LOC_STRINGS = YES;
				SWIFT_VERSION = 5.0;
				TARGETED_DEVICE_FAMILY = 1;
			};
			name = Release;
		};
/* End XCBuildConfiguration section */

/* Begin XCConfigurationList section */
		57FF080A28A503B600FE5FC9 /* Build configuration list for PBXProject "07 RayBan Store" */ = {
			isa = XCConfigurationList;
			buildConfigurations = (
				57FF082128A503B700FE5FC9 /* Debug */,
				57FF082228A503B700FE5FC9 /* Release */,
			);
			defaultConfigurationIsVisible = 0;
			defaultConfigurationName = Release;
		};
		57FF082328A503B700FE5FC9 /* Build configuration list for PBXNativeTarget "07 RayBan Store" */ = {
			isa = XCConfigurationList;
			buildConfigurations = (
				57FF082428A503B700FE5FC9 /* Debug */,
				57FF082528A503B700FE5FC9 /* Release */,
			);
			defaultConfigurationIsVisible = 0;
			defaultConfigurationName = Release;
		};
/* End XCConfigurationList section */
	};
	rootObject = 57FF080728A503B600FE5FC9 /* Project object */;
}
