// !$*UTF8*$!
{
	archiveVersion = 1;
	classes = {
	};
	objectVersion = 55;
	objects = {

/* Begin PBXBuildFile section */
		5708386E29A4DE6900205B34 /* ProductDetailsViewModel.swift in Sources */ = {isa = PBXBuildFile; fileRef = 5708386D29A4DE6900205B34 /* ProductDetailsViewModel.swift */; };
		571AA49E28E0D2D60078F6A9 /* ListViewController.swift in Sources */ = {isa = PBXBuildFile; fileRef = 571AA49D28E0D2D60078F6A9 /* ListViewController.swift */; };
		571AA4A028E0D2EF0078F6A9 /* AppMenuPresenter.swift in Sources */ = {isa = PBXBuildFile; fileRef = 571AA49F28E0D2EF0078F6A9 /* AppMenuPresenter.swift */; };
		571AA4A228E0D3050078F6A9 /* AppMenuRouter.swift in Sources */ = {isa = PBXBuildFile; fileRef = 571AA4A128E0D3050078F6A9 /* AppMenuRouter.swift */; };
		571AA4A428E0D31C0078F6A9 /* AppMenuConfigurator.swift in Sources */ = {isa = PBXBuildFile; fileRef = 571AA4A328E0D31C0078F6A9 /* AppMenuConfigurator.swift */; };
		571AA4AA28E1C15F0078F6A9 /* HeaderReusableView.swift in Sources */ = {isa = PBXBuildFile; fileRef = 571AA4A928E1C15F0078F6A9 /* HeaderReusableView.swift */; };
		571BC17029B11EFD00CD5D0E /* Sequence + .swift in Sources */ = {isa = PBXBuildFile; fileRef = 571BC16F29B11EFD00CD5D0E /* Sequence + .swift */; };
		571EDB9928D61A1C00C8EBAA /* UINavigationItem +.swift in Sources */ = {isa = PBXBuildFile; fileRef = 571EDB9828D61A1C00C8EBAA /* UINavigationItem +.swift */; };
		571EDB9B28D61A3E00C8EBAA /* UIButton +.swift in Sources */ = {isa = PBXBuildFile; fileRef = 571EDB9A28D61A3E00C8EBAA /* UIButton +.swift */; };
		571EDB9D28D61B0600C8EBAA /* ProductsRouter.swift in Sources */ = {isa = PBXBuildFile; fileRef = 571EDB9C28D61B0600C8EBAA /* ProductsRouter.swift */; };
		571EDBA028D61D2200C8EBAA /* UIFont +.swift in Sources */ = {isa = PBXBuildFile; fileRef = 571EDB9F28D61D2200C8EBAA /* UIFont +.swift */; };
		5720BF6528D4DF84003EBAA6 /* OrderGatewayImpl.swift in Sources */ = {isa = PBXBuildFile; fileRef = 5720BF6428D4DF84003EBAA6 /* OrderGatewayImpl.swift */; };
		5720BF6728D4E646003EBAA6 /* LoginConfigurator.swift in Sources */ = {isa = PBXBuildFile; fileRef = 5720BF6628D4E646003EBAA6 /* LoginConfigurator.swift */; };
		5720BF6928D4E69A003EBAA6 /* LoginRouter.swift in Sources */ = {isa = PBXBuildFile; fileRef = 5720BF6828D4E69A003EBAA6 /* LoginRouter.swift */; };
		5720BF6B28D4EA2D003EBAA6 /* LoginRootView.swift in Sources */ = {isa = PBXBuildFile; fileRef = 5720BF6A28D4EA2D003EBAA6 /* LoginRootView.swift */; };
		573A25C328E83714000B1548 /* SunglassesCategoriesConfigurator.swift in Sources */ = {isa = PBXBuildFile; fileRef = 573A25C228E83714000B1548 /* SunglassesCategoriesConfigurator.swift */; };
		573A25C528E83934000B1548 /* SunglassesCategoriesRouter.swift in Sources */ = {isa = PBXBuildFile; fileRef = 573A25C428E83934000B1548 /* SunglassesCategoriesRouter.swift */; };
		573A25C728E8399E000B1548 /* SunglassesCategoriesPresenter.swift in Sources */ = {isa = PBXBuildFile; fileRef = 573A25C628E8399E000B1548 /* SunglassesCategoriesPresenter.swift */; };
		5740C5A3298A87D5006B432E /* SplashScreen.swift in Sources */ = {isa = PBXBuildFile; fileRef = 5740C5A2298A87D4006B432E /* SplashScreen.swift */; };
		57433E0D298AF46A00E723CB /* String + .swift in Sources */ = {isa = PBXBuildFile; fileRef = 57433E0C298AF46A00E723CB /* String + .swift */; };
		57433E0F298AF50900E723CB /* RequiredTextField.swift in Sources */ = {isa = PBXBuildFile; fileRef = 57433E0E298AF50900E723CB /* RequiredTextField.swift */; };
		574F275928C360550092D293 /* GetProductRequests.swift in Sources */ = {isa = PBXBuildFile; fileRef = 574F275828C360550092D293 /* GetProductRequests.swift */; };
		574F276C28C38AFE0092D293 /* IsProfileFilledUseCase.swift in Sources */ = {isa = PBXBuildFile; fileRef = 574F276B28C38AFE0092D293 /* IsProfileFilledUseCase.swift */; };
		574F276E28C38BDB0092D293 /* UpdateProfileUseCase.swift in Sources */ = {isa = PBXBuildFile; fileRef = 574F276D28C38BDB0092D293 /* UpdateProfileUseCase.swift */; };
		574F277028C38C990092D293 /* UpdateProfileRequest.swift in Sources */ = {isa = PBXBuildFile; fileRef = 574F276F28C38C990092D293 /* UpdateProfileRequest.swift */; };
		574F278F28C4C3150092D293 /* OrderGateway.swift in Sources */ = {isa = PBXBuildFile; fileRef = 574F278E28C4C3150092D293 /* OrderGateway.swift */; };
		574F279F28C66EC90092D293 /* CartRequests.swift in Sources */ = {isa = PBXBuildFile; fileRef = 574F279E28C66EC90092D293 /* CartRequests.swift */; };
		574F27A428C68D870092D293 /* LoginPresenter.swift in Sources */ = {isa = PBXBuildFile; fileRef = 574F27A328C68D870092D293 /* LoginPresenter.swift */; };
		574F27A728C7922A0092D293 /* Validator.swift in Sources */ = {isa = PBXBuildFile; fileRef = 574F27A628C7922A0092D293 /* Validator.swift */; };
		574F27A928C7A6C70092D293 /* LoginViewController.swift in Sources */ = {isa = PBXBuildFile; fileRef = 574F27A828C7A6C70092D293 /* LoginViewController.swift */; };
		574F27AB28C7C5A40092D293 /* GoogleService-Info.plist in Resources */ = {isa = PBXBuildFile; fileRef = 574F27AA28C7C5A40092D293 /* GoogleService-Info.plist */; };
		574F27AD28CB5A510092D293 /* Session.swift in Sources */ = {isa = PBXBuildFile; fileRef = 574F27AC28CB5A510092D293 /* Session.swift */; };
		57508A4A28BE4BBF000328AC /* Cart.swift in Sources */ = {isa = PBXBuildFile; fileRef = 57508A4928BE4BBF000328AC /* Cart.swift */; };
		57508A4C28BE4DF7000328AC /* Order.swift in Sources */ = {isa = PBXBuildFile; fileRef = 57508A4B28BE4DF7000328AC /* Order.swift */; };
		57508A5228BEA041000328AC /* AuthGatewayImpl.swift in Sources */ = {isa = PBXBuildFile; fileRef = 57508A5128BEA041000328AC /* AuthGatewayImpl.swift */; };
		57508A5428BEA7D9000328AC /* ProductGatewayImpl.swift in Sources */ = {isa = PBXBuildFile; fileRef = 57508A5328BEA7D9000328AC /* ProductGatewayImpl.swift */; };
		57508A5828BF45E5000328AC /* AuthProvider.swift in Sources */ = {isa = PBXBuildFile; fileRef = 57508A5728BF45E5000328AC /* AuthProvider.swift */; };
		57508A5A28BF54E5000328AC /* RemoteRepositoryAPI.swift in Sources */ = {isa = PBXBuildFile; fileRef = 57508A5928BF54E5000328AC /* RemoteRepositoryAPI.swift */; };
		57508A5D28BFB34B000328AC /* ProductImagesAPI.swift in Sources */ = {isa = PBXBuildFile; fileRef = 57508A5C28BFB34B000328AC /* ProductImagesAPI.swift */; };
		57508A6528BFD48A000328AC /* ProfileGateway.swift in Sources */ = {isa = PBXBuildFile; fileRef = 57508A6428BFD48A000328AC /* ProfileGateway.swift */; };
		57508A6728BFD525000328AC /* ProfileGatewayImpl.swift in Sources */ = {isa = PBXBuildFile; fileRef = 57508A6628BFD525000328AC /* ProfileGatewayImpl.swift */; };
		57508A6928BFDC71000328AC /* CartGateway.swift in Sources */ = {isa = PBXBuildFile; fileRef = 57508A6828BFDC71000328AC /* CartGateway.swift */; };
		57508A6B28BFDC8D000328AC /* CartGatewayImpl.swift in Sources */ = {isa = PBXBuildFile; fileRef = 57508A6A28BFDC8D000328AC /* CartGatewayImpl.swift */; };
		5752CE3228DB721E001BAE4A /* UICollectionReusableView +.swift in Sources */ = {isa = PBXBuildFile; fileRef = 5752CE3128DB721E001BAE4A /* UICollectionReusableView +.swift */; };
		5752CE3E28DC575D001BAE4A /* ProductCellViewModel.swift in Sources */ = {isa = PBXBuildFile; fileRef = 5752CE3D28DC575D001BAE4A /* ProductCellViewModel.swift */; };
		575C46F9299E1E2400F330BD /* CartUseCase.swift in Sources */ = {isa = PBXBuildFile; fileRef = 575C46F8299E1E2400F330BD /* CartUseCase.swift */; };
		575F562628EC885200A44E6D /* CategoryCellViewModel.swift in Sources */ = {isa = PBXBuildFile; fileRef = 575F562528EC885200A44E6D /* CategoryCellViewModel.swift */; };
		575F562828EC8DDD00A44E6D /* UIImage +.swift in Sources */ = {isa = PBXBuildFile; fileRef = 575F562728EC8DDD00A44E6D /* UIImage +.swift */; };
		575F562A28EC95BD00A44E6D /* EyeglassesCategoriesConfigurator.swift in Sources */ = {isa = PBXBuildFile; fileRef = 575F562928EC95BD00A44E6D /* EyeglassesCategoriesConfigurator.swift */; };
		575F562C28EC95FF00A44E6D /* EyeglassesCategoriesPresenter.swift in Sources */ = {isa = PBXBuildFile; fileRef = 575F562B28EC95FF00A44E6D /* EyeglassesCategoriesPresenter.swift */; };
		575F562E28EC965A00A44E6D /* EyeglassesCategoriesRouter.swift in Sources */ = {isa = PBXBuildFile; fileRef = 575F562D28EC965A00A44E6D /* EyeglassesCategoriesRouter.swift */; };
		577301FA28BBFB4E007FB72F /* ClassDiagram.mdj in Resources */ = {isa = PBXBuildFile; fileRef = 577301F928BBFB4E007FB72F /* ClassDiagram.mdj */; };
		577301FC28BBFD29007FB72F /* AppDesign.png in Resources */ = {isa = PBXBuildFile; fileRef = 577301FB28BBFD29007FB72F /* AppDesign.png */; };
		5773020428BBFE9A007FB72F /* Product.swift in Sources */ = {isa = PBXBuildFile; fileRef = 5773020328BBFE9A007FB72F /* Product.swift */; };
		5773020628BBFF6E007FB72F /* Profile.swift in Sources */ = {isa = PBXBuildFile; fileRef = 5773020528BBFF6E007FB72F /* Profile.swift */; };
		5773020828BC010F007FB72F /* ProductGateway.swift in Sources */ = {isa = PBXBuildFile; fileRef = 5773020728BC010F007FB72F /* ProductGateway.swift */; };
		5773020A28BC0226007FB72F /* GetProductsUseCase.swift in Sources */ = {isa = PBXBuildFile; fileRef = 5773020928BC0226007FB72F /* GetProductsUseCase.swift */; };
		5773020E28BC040E007FB72F /* AuthGateway.swift in Sources */ = {isa = PBXBuildFile; fileRef = 5773020D28BC040E007FB72F /* AuthGateway.swift */; };
		5773021028BCE474007FB72F /* Result.swift in Sources */ = {isa = PBXBuildFile; fileRef = 5773020F28BCE474007FB72F /* Result.swift */; };
		577B93CA28C1F8B400E31B88 /* AuthUseCase.swift in Sources */ = {isa = PBXBuildFile; fileRef = 577B93C928C1F8B400E31B88 /* AuthUseCase.swift */; };
		577B93D328C2064600E31B88 /* AuthRequests.swift in Sources */ = {isa = PBXBuildFile; fileRef = 577B93D228C2064600E31B88 /* AuthRequests.swift */; };
		5784000328D5FC7D003766F0 /* ProductsRootView.swift in Sources */ = {isa = PBXBuildFile; fileRef = 5784000228D5FC7D003766F0 /* ProductsRootView.swift */; };
		5784000728D5FCFC003766F0 /* UIColor +.swift in Sources */ = {isa = PBXBuildFile; fileRef = 5784000628D5FCFC003766F0 /* UIColor +.swift */; };
		5784000928D5FD94003766F0 /* ProductViewCell.swift in Sources */ = {isa = PBXBuildFile; fileRef = 5784000828D5FD94003766F0 /* ProductViewCell.swift */; };
		5784000D28D5FE0F003766F0 /* ProductsConfigurator.swift in Sources */ = {isa = PBXBuildFile; fileRef = 5784000C28D5FE0F003766F0 /* ProductsConfigurator.swift */; };
		5784000F28D5FE68003766F0 /* ProductsViewController.swift in Sources */ = {isa = PBXBuildFile; fileRef = 5784000E28D5FE68003766F0 /* ProductsViewController.swift */; };
		5784001128D5FEBC003766F0 /* ProductsPresenter.swift in Sources */ = {isa = PBXBuildFile; fileRef = 5784001028D5FEBC003766F0 /* ProductsPresenter.swift */; };
		578DB1AF2906D039009C1FD2 /* Array +.swift in Sources */ = {isa = PBXBuildFile; fileRef = 578DB1AE2906D039009C1FD2 /* Array +.swift */; };
		578DB1B12906D50D009C1FD2 /* ShimmerView.swift in Sources */ = {isa = PBXBuildFile; fileRef = 578DB1B02906D50D009C1FD2 /* ShimmerView.swift */; };
		579404DA298D1C970048FD33 /* RegistrationConfigurator.swift in Sources */ = {isa = PBXBuildFile; fileRef = 579404D9298D1C970048FD33 /* RegistrationConfigurator.swift */; };
		579404DC298D1CB40048FD33 /* RegistrationPresenter.swift in Sources */ = {isa = PBXBuildFile; fileRef = 579404DB298D1CB40048FD33 /* RegistrationPresenter.swift */; };
		579404DE298D1CC90048FD33 /* RegistrationRouter.swift in Sources */ = {isa = PBXBuildFile; fileRef = 579404DD298D1CC90048FD33 /* RegistrationRouter.swift */; };
		579404E0298D1CE00048FD33 /* RegistrationViewController.swift in Sources */ = {isa = PBXBuildFile; fileRef = 579404DF298D1CE00048FD33 /* RegistrationViewController.swift */; };
		579404E3298D1D010048FD33 /* RegistrationRootView.swift in Sources */ = {isa = PBXBuildFile; fileRef = 579404E2298D1D010048FD33 /* RegistrationRootView.swift */; };
		579404E6298D604B0048FD33 /* AlertViewController.swift in Sources */ = {isa = PBXBuildFile; fileRef = 579404E5298D604B0048FD33 /* AlertViewController.swift */; };
		579404E8298FE2000048FD33 /* UIApplication + .swift in Sources */ = {isa = PBXBuildFile; fileRef = 579404E7298FE2000048FD33 /* UIApplication + .swift */; };
		579B498329994F2E004D519D /* Semaphore in Frameworks */ = {isa = PBXBuildFile; productRef = 579B498229994F2E004D519D /* Semaphore */; };
		57A188B729AF742B009C3AE1 /* WarningView.swift in Sources */ = {isa = PBXBuildFile; fileRef = 57A188B629AF742B009C3AE1 /* WarningView.swift */; };
		57A188B929AF768C009C3AE1 /* NetworkMonitor.swift in Sources */ = {isa = PBXBuildFile; fileRef = 57A188B829AF768C009C3AE1 /* NetworkMonitor.swift */; };
		57A1BF4728DCB62000819E88 /* CheckboxButton.swift in Sources */ = {isa = PBXBuildFile; fileRef = 57A1BF4628DCB62000819E88 /* CheckboxButton.swift */; };
		57A1BF4928DDBA3F00819E88 /* UIView +.swift in Sources */ = {isa = PBXBuildFile; fileRef = 57A1BF4828DDBA3F00819E88 /* UIView +.swift */; };
		57A7C86529AE125100E979CB /* CartItemCellViewModel.swift in Sources */ = {isa = PBXBuildFile; fileRef = 57A7C86429AE125100E979CB /* CartItemCellViewModel.swift */; };
		57A7C86729AE885B00E979CB /* ShippingMethod.swift in Sources */ = {isa = PBXBuildFile; fileRef = 57A7C86629AE885B00E979CB /* ShippingMethod.swift */; };
		57AAE78B29AFB0F7009FD328 /* FavoritesViewController.swift in Sources */ = {isa = PBXBuildFile; fileRef = 57AAE78A29AFB0F7009FD328 /* FavoritesViewController.swift */; };
		57AAE78D29AFB109009FD328 /* FavoritesRootView.swift in Sources */ = {isa = PBXBuildFile; fileRef = 57AAE78C29AFB109009FD328 /* FavoritesRootView.swift */; };
		57AAE78F29AFB122009FD328 /* FavoritesViewCell.swift in Sources */ = {isa = PBXBuildFile; fileRef = 57AAE78E29AFB122009FD328 /* FavoritesViewCell.swift */; };
		57AAE79129AFB131009FD328 /* FavoritesPresenter.swift in Sources */ = {isa = PBXBuildFile; fileRef = 57AAE79029AFB131009FD328 /* FavoritesPresenter.swift */; };
		57AAE79329AFB139009FD328 /* FavoritesRouter.swift in Sources */ = {isa = PBXBuildFile; fileRef = 57AAE79229AFB139009FD328 /* FavoritesRouter.swift */; };
		57AAE79529AFB154009FD328 /* FavoritesConfigurator.swift in Sources */ = {isa = PBXBuildFile; fileRef = 57AAE79429AFB154009FD328 /* FavoritesConfigurator.swift */; };
		57AAE79C29AFB978009FD328 /* FavoriteItemModel.swift in Sources */ = {isa = PBXBuildFile; fileRef = 57AAE79B29AFB978009FD328 /* FavoriteItemModel.swift */; };
		57B75D3C29A9239E0017E0F3 /* ActivityIndicatorView.swift in Sources */ = {isa = PBXBuildFile; fileRef = 57B75D3B29A9239E0017E0F3 /* ActivityIndicatorView.swift */; };
		57B75D4029A92AA80017E0F3 /* FavoriteGateway.swift in Sources */ = {isa = PBXBuildFile; fileRef = 57B75D3F29A92AA80017E0F3 /* FavoriteGateway.swift */; };
		57B75D4229A92CD00017E0F3 /* FavoriteGatewayImpl.swift in Sources */ = {isa = PBXBuildFile; fileRef = 57B75D4129A92CD00017E0F3 /* FavoriteGatewayImpl.swift */; };
		57B75D4429A9E9B50017E0F3 /* Favorite.swift in Sources */ = {isa = PBXBuildFile; fileRef = 57B75D4329A9E9B50017E0F3 /* Favorite.swift */; };
		57B75D4629AA065C0017E0F3 /* FavoriteUseCase.swift in Sources */ = {isa = PBXBuildFile; fileRef = 57B75D4529AA065C0017E0F3 /* FavoriteUseCase.swift */; };
		57B75D4829AA066D0017E0F3 /* FavoriteRequests.swift in Sources */ = {isa = PBXBuildFile; fileRef = 57B75D4729AA066D0017E0F3 /* FavoriteRequests.swift */; };
		57B75D4C29AA31A70017E0F3 /* CartRootView.swift in Sources */ = {isa = PBXBuildFile; fileRef = 57B75D4B29AA31A70017E0F3 /* CartRootView.swift */; };
		57B75D4E29AA31B90017E0F3 /* CartItemViewCell.swift in Sources */ = {isa = PBXBuildFile; fileRef = 57B75D4D29AA31B90017E0F3 /* CartItemViewCell.swift */; };
		57B75D5029AA31C70017E0F3 /* CartViewController.swift in Sources */ = {isa = PBXBuildFile; fileRef = 57B75D4F29AA31C70017E0F3 /* CartViewController.swift */; };
		57B75D5229AA31D60017E0F3 /* CartPresenter.swift in Sources */ = {isa = PBXBuildFile; fileRef = 57B75D5129AA31D60017E0F3 /* CartPresenter.swift */; };
		57B75D5429AA31DE0017E0F3 /* CartRouter.swift in Sources */ = {isa = PBXBuildFile; fileRef = 57B75D5329AA31DE0017E0F3 /* CartRouter.swift */; };
		57B75D5629AA31E90017E0F3 /* CartConfigurator.swift in Sources */ = {isa = PBXBuildFile; fileRef = 57B75D5529AA31E90017E0F3 /* CartConfigurator.swift */; };
		57B75D5829AB9F7E0017E0F3 /* ShippingViewCell.swift in Sources */ = {isa = PBXBuildFile; fileRef = 57B75D5729AB9F7E0017E0F3 /* ShippingViewCell.swift */; };
		57B75D5A29AB9FAD0017E0F3 /* SummaryViewCell.swift in Sources */ = {isa = PBXBuildFile; fileRef = 57B75D5929AB9FAD0017E0F3 /* SummaryViewCell.swift */; };
		57B75D5C29ACC2C60017E0F3 /* QuantityStepper.swift in Sources */ = {isa = PBXBuildFile; fileRef = 57B75D5B29ACC2C60017E0F3 /* QuantityStepper.swift */; };
		57BDD17F28D77E4500A9007B /* Lato-Thin.ttf in Resources */ = {isa = PBXBuildFile; fileRef = 57BDD17328D77E4500A9007B /* Lato-Thin.ttf */; };
		57BDD18028D77E4500A9007B /* Lato-Bold.ttf in Resources */ = {isa = PBXBuildFile; fileRef = 57BDD17428D77E4500A9007B /* Lato-Bold.ttf */; };
		57BDD18128D77E4500A9007B /* Lato-Black.ttf in Resources */ = {isa = PBXBuildFile; fileRef = 57BDD17528D77E4500A9007B /* Lato-Black.ttf */; };
		57BDD18228D77E4500A9007B /* Lato-Regular.ttf in Resources */ = {isa = PBXBuildFile; fileRef = 57BDD17628D77E4500A9007B /* Lato-Regular.ttf */; };
		57BDD18328D77E4500A9007B /* Lato-Light.ttf in Resources */ = {isa = PBXBuildFile; fileRef = 57BDD17728D77E4500A9007B /* Lato-Light.ttf */; };
		57BDD18428D77E4500A9007B /* Oswald-Bold.ttf in Resources */ = {isa = PBXBuildFile; fileRef = 57BDD17928D77E4500A9007B /* Oswald-Bold.ttf */; };
		57BDD18528D77E4500A9007B /* Oswald-SemiBold.ttf in Resources */ = {isa = PBXBuildFile; fileRef = 57BDD17A28D77E4500A9007B /* Oswald-SemiBold.ttf */; };
		57BDD18628D77E4500A9007B /* Oswald-Medium.ttf in Resources */ = {isa = PBXBuildFile; fileRef = 57BDD17B28D77E4500A9007B /* Oswald-Medium.ttf */; };
		57BDD18728D77E4500A9007B /* Oswald-Regular.ttf in Resources */ = {isa = PBXBuildFile; fileRef = 57BDD17C28D77E4500A9007B /* Oswald-Regular.ttf */; };
		57BDD18828D77E4500A9007B /* Oswald-ExtraLight.ttf in Resources */ = {isa = PBXBuildFile; fileRef = 57BDD17D28D77E4500A9007B /* Oswald-ExtraLight.ttf */; };
		57BDD18928D77E4500A9007B /* Oswald-Light.ttf in Resources */ = {isa = PBXBuildFile; fileRef = 57BDD17E28D77E4500A9007B /* Oswald-Light.ttf */; };
		57BDD18C28D7865600A9007B /* ProductDetailsConfigurator.swift in Sources */ = {isa = PBXBuildFile; fileRef = 57BDD18B28D7865600A9007B /* ProductDetailsConfigurator.swift */; };
		57BDD18E28D786B100A9007B /* ProductDetailsPresenter.swift in Sources */ = {isa = PBXBuildFile; fileRef = 57BDD18D28D786B100A9007B /* ProductDetailsPresenter.swift */; };
		57BDD19028D786FC00A9007B /* ProductDetailsViewController.swift in Sources */ = {isa = PBXBuildFile; fileRef = 57BDD18F28D786FC00A9007B /* ProductDetailsViewController.swift */; };
		57BDD19328D7886400A9007B /* ProductDetailsRootView.swift in Sources */ = {isa = PBXBuildFile; fileRef = 57BDD19228D7886400A9007B /* ProductDetailsRootView.swift */; };
		57BDD19528D789A800A9007B /* ProductDetailsRouter.swift in Sources */ = {isa = PBXBuildFile; fileRef = 57BDD19428D789A800A9007B /* ProductDetailsRouter.swift */; };
		57BDD19728D892E900A9007B /* ProductImageViewCell.swift in Sources */ = {isa = PBXBuildFile; fileRef = 57BDD19628D892E900A9007B /* ProductImageViewCell.swift */; };
		57C56B1C299682B7002A9BCB /* Sectionable Itemable.swift in Sources */ = {isa = PBXBuildFile; fileRef = 57C56B1B299682B7002A9BCB /* Sectionable Itemable.swift */; };
		57D0828C28F317C5005FF050 /* ZoomableView.swift in Sources */ = {isa = PBXBuildFile; fileRef = 57D0828B28F317C5005FF050 /* ZoomableView.swift */; };
		57D0829028F44398005FF050 /* UIViewController +.swift in Sources */ = {isa = PBXBuildFile; fileRef = 57D0828F28F44398005FF050 /* UIViewController +.swift */; };
		57E9DB2D29924FD900EDE67E /* Routable.swift in Sources */ = {isa = PBXBuildFile; fileRef = 57E9DB2C29924FD900EDE67E /* Routable.swift */; };
		57E9DB302992540000EDE67E /* ForgotPasswordViewController.swift in Sources */ = {isa = PBXBuildFile; fileRef = 57E9DB2F2992540000EDE67E /* ForgotPasswordViewController.swift */; };
		57E9DB322992540B00EDE67E /* ForgotPasswordConfigurator.swift in Sources */ = {isa = PBXBuildFile; fileRef = 57E9DB312992540B00EDE67E /* ForgotPasswordConfigurator.swift */; };
		57E9DB34299254DE00EDE67E /* ForgotPasswordPresenter.swift in Sources */ = {isa = PBXBuildFile; fileRef = 57E9DB33299254DE00EDE67E /* ForgotPasswordPresenter.swift */; };
		57E9DB372992554100EDE67E /* ForgotPasswordRootView.swift in Sources */ = {isa = PBXBuildFile; fileRef = 57E9DB362992554100EDE67E /* ForgotPasswordRootView.swift */; };
		57E9DB3B299259C100EDE67E /* ForgotPasswordRouter.swift in Sources */ = {isa = PBXBuildFile; fileRef = 57E9DB3A299259C100EDE67E /* ForgotPasswordRouter.swift */; };
		57E9DB3E299292B600EDE67E /* AppError.swift in Sources */ = {isa = PBXBuildFile; fileRef = 57E9DB3D299292B600EDE67E /* AppError.swift */; };
		57E9DB412993AE5000EDE67E /* ErrorHandlableFunction.swift in Sources */ = {isa = PBXBuildFile; fileRef = 57E9DB402993AE5000EDE67E /* ErrorHandlableFunction.swift */; };
		57ED3DB828E5E9A30015CFDE /* AccountMenuConfigurator.swift in Sources */ = {isa = PBXBuildFile; fileRef = 57ED3DB728E5E9A30015CFDE /* AccountMenuConfigurator.swift */; };
		57ED3DBA28E5E9CC0015CFDE /* AccountMenuRouter.swift in Sources */ = {isa = PBXBuildFile; fileRef = 57ED3DB928E5E9CC0015CFDE /* AccountMenuRouter.swift */; };
		57ED3DBC28E5EA3E0015CFDE /* AccountMenuPresenter.swift in Sources */ = {isa = PBXBuildFile; fileRef = 57ED3DBB28E5EA3E0015CFDE /* AccountMenuPresenter.swift */; };
		57ED3DC028E6F01D0015CFDE /* CategoriesViewController.swift in Sources */ = {isa = PBXBuildFile; fileRef = 57ED3DBF28E6F01D0015CFDE /* CategoriesViewController.swift */; };
		57ED3DC228E73B5E0015CFDE /* CategoriesRootView.swift in Sources */ = {isa = PBXBuildFile; fileRef = 57ED3DC128E73B5E0015CFDE /* CategoriesRootView.swift */; };
		57ED3DC428E755FB0015CFDE /* CategoryViewCell.swift in Sources */ = {isa = PBXBuildFile; fileRef = 57ED3DC328E755FB0015CFDE /* CategoryViewCell.swift */; };
		57FA03D8299D38F00066B869 /* RequestStack.swift in Sources */ = {isa = PBXBuildFile; fileRef = 57FA03D7299D38F00066B869 /* RequestStack.swift */; };
		57FF081328A503B600FE5FC9 /* AppDelegate.swift in Sources */ = {isa = PBXBuildFile; fileRef = 57FF081228A503B600FE5FC9 /* AppDelegate.swift */; };
		57FF081528A503B600FE5FC9 /* SceneDelegate.swift in Sources */ = {isa = PBXBuildFile; fileRef = 57FF081428A503B600FE5FC9 /* SceneDelegate.swift */; };
		57FF081728A503B600FE5FC9 /* ViewController.swift in Sources */ = {isa = PBXBuildFile; fileRef = 57FF081628A503B600FE5FC9 /* ViewController.swift */; };
		57FF081C28A503B700FE5FC9 /* Assets.xcassets in Resources */ = {isa = PBXBuildFile; fileRef = 57FF081B28A503B700FE5FC9 /* Assets.xcassets */; };
		57FF081F28A503B700FE5FC9 /* LaunchScreen.storyboard in Resources */ = {isa = PBXBuildFile; fileRef = 57FF081D28A503B700FE5FC9 /* LaunchScreen.storyboard */; };
		F6BE35325CAA04607AC7FA1F /* Pods_07_RayBan_Store.framework in Frameworks */ = {isa = PBXBuildFile; fileRef = 182FDD2E74C1FCC59D858C5A /* Pods_07_RayBan_Store.framework */; };
/* End PBXBuildFile section */

/* Begin PBXFileReference section */
		182FDD2E74C1FCC59D858C5A /* Pods_07_RayBan_Store.framework */ = {isa = PBXFileReference; explicitFileType = wrapper.framework; includeInIndex = 0; path = Pods_07_RayBan_Store.framework; sourceTree = BUILT_PRODUCTS_DIR; };
		5708386D29A4DE6900205B34 /* ProductDetailsViewModel.swift */ = {isa = PBXFileReference; lastKnownFileType = sourcecode.swift; path = ProductDetailsViewModel.swift; sourceTree = "<group>"; };
		571AA49D28E0D2D60078F6A9 /* ListViewController.swift */ = {isa = PBXFileReference; lastKnownFileType = sourcecode.swift; path = ListViewController.swift; sourceTree = "<group>"; };
		571AA49F28E0D2EF0078F6A9 /* AppMenuPresenter.swift */ = {isa = PBXFileReference; lastKnownFileType = sourcecode.swift; path = AppMenuPresenter.swift; sourceTree = "<group>"; };
		571AA4A128E0D3050078F6A9 /* AppMenuRouter.swift */ = {isa = PBXFileReference; lastKnownFileType = sourcecode.swift; path = AppMenuRouter.swift; sourceTree = "<group>"; };
		571AA4A328E0D31C0078F6A9 /* AppMenuConfigurator.swift */ = {isa = PBXFileReference; lastKnownFileType = sourcecode.swift; path = AppMenuConfigurator.swift; sourceTree = "<group>"; };
		571AA4A928E1C15F0078F6A9 /* HeaderReusableView.swift */ = {isa = PBXFileReference; lastKnownFileType = sourcecode.swift; path = HeaderReusableView.swift; sourceTree = "<group>"; };
		571BC16F29B11EFD00CD5D0E /* Sequence + .swift */ = {isa = PBXFileReference; lastKnownFileType = sourcecode.swift; path = "Sequence + .swift"; sourceTree = "<group>"; };
		571EDB9828D61A1C00C8EBAA /* UINavigationItem +.swift */ = {isa = PBXFileReference; lastKnownFileType = sourcecode.swift; path = "UINavigationItem +.swift"; sourceTree = "<group>"; };
		571EDB9A28D61A3E00C8EBAA /* UIButton +.swift */ = {isa = PBXFileReference; lastKnownFileType = sourcecode.swift; path = "UIButton +.swift"; sourceTree = "<group>"; };
		571EDB9C28D61B0600C8EBAA /* ProductsRouter.swift */ = {isa = PBXFileReference; lastKnownFileType = sourcecode.swift; path = ProductsRouter.swift; sourceTree = "<group>"; };
		571EDB9F28D61D2200C8EBAA /* UIFont +.swift */ = {isa = PBXFileReference; lastKnownFileType = sourcecode.swift; path = "UIFont +.swift"; sourceTree = "<group>"; };
		571EDBA128D6223400C8EBAA /* FBSDKCoreKit.xcframework */ = {isa = PBXFileReference; lastKnownFileType = wrapper.xcframework; name = FBSDKCoreKit.xcframework; path = Pods/FBSDKCoreKit/XCFrameworks/FBSDKCoreKit.xcframework; sourceTree = "<group>"; };
		5720BF6428D4DF84003EBAA6 /* OrderGatewayImpl.swift */ = {isa = PBXFileReference; lastKnownFileType = sourcecode.swift; path = OrderGatewayImpl.swift; sourceTree = "<group>"; };
		5720BF6628D4E646003EBAA6 /* LoginConfigurator.swift */ = {isa = PBXFileReference; lastKnownFileType = sourcecode.swift; path = LoginConfigurator.swift; sourceTree = "<group>"; };
		5720BF6828D4E69A003EBAA6 /* LoginRouter.swift */ = {isa = PBXFileReference; lastKnownFileType = sourcecode.swift; path = LoginRouter.swift; sourceTree = "<group>"; };
		5720BF6A28D4EA2D003EBAA6 /* LoginRootView.swift */ = {isa = PBXFileReference; lastKnownFileType = sourcecode.swift; path = LoginRootView.swift; sourceTree = "<group>"; };
		573A25C228E83714000B1548 /* SunglassesCategoriesConfigurator.swift */ = {isa = PBXFileReference; lastKnownFileType = sourcecode.swift; path = SunglassesCategoriesConfigurator.swift; sourceTree = "<group>"; };
		573A25C428E83934000B1548 /* SunglassesCategoriesRouter.swift */ = {isa = PBXFileReference; lastKnownFileType = sourcecode.swift; path = SunglassesCategoriesRouter.swift; sourceTree = "<group>"; };
		573A25C628E8399E000B1548 /* SunglassesCategoriesPresenter.swift */ = {isa = PBXFileReference; lastKnownFileType = sourcecode.swift; path = SunglassesCategoriesPresenter.swift; sourceTree = "<group>"; };
		5740C5A2298A87D4006B432E /* SplashScreen.swift */ = {isa = PBXFileReference; lastKnownFileType = sourcecode.swift; path = SplashScreen.swift; sourceTree = "<group>"; };
		57433E0C298AF46A00E723CB /* String + .swift */ = {isa = PBXFileReference; lastKnownFileType = sourcecode.swift; path = "String + .swift"; sourceTree = "<group>"; };
		57433E0E298AF50900E723CB /* RequiredTextField.swift */ = {isa = PBXFileReference; lastKnownFileType = sourcecode.swift; path = RequiredTextField.swift; sourceTree = "<group>"; };
		574F275828C360550092D293 /* GetProductRequests.swift */ = {isa = PBXFileReference; lastKnownFileType = sourcecode.swift; path = GetProductRequests.swift; sourceTree = "<group>"; };
		574F276B28C38AFE0092D293 /* IsProfileFilledUseCase.swift */ = {isa = PBXFileReference; lastKnownFileType = sourcecode.swift; path = IsProfileFilledUseCase.swift; sourceTree = "<group>"; };
		574F276D28C38BDB0092D293 /* UpdateProfileUseCase.swift */ = {isa = PBXFileReference; lastKnownFileType = sourcecode.swift; path = UpdateProfileUseCase.swift; sourceTree = "<group>"; };
		574F276F28C38C990092D293 /* UpdateProfileRequest.swift */ = {isa = PBXFileReference; lastKnownFileType = sourcecode.swift; path = UpdateProfileRequest.swift; sourceTree = "<group>"; };
		574F278E28C4C3150092D293 /* OrderGateway.swift */ = {isa = PBXFileReference; lastKnownFileType = sourcecode.swift; path = OrderGateway.swift; sourceTree = "<group>"; };
		574F279E28C66EC90092D293 /* CartRequests.swift */ = {isa = PBXFileReference; lastKnownFileType = sourcecode.swift; path = CartRequests.swift; sourceTree = "<group>"; };
		574F27A328C68D870092D293 /* LoginPresenter.swift */ = {isa = PBXFileReference; lastKnownFileType = sourcecode.swift; path = LoginPresenter.swift; sourceTree = "<group>"; };
		574F27A628C7922A0092D293 /* Validator.swift */ = {isa = PBXFileReference; lastKnownFileType = sourcecode.swift; path = Validator.swift; sourceTree = "<group>"; };
		574F27A828C7A6C70092D293 /* LoginViewController.swift */ = {isa = PBXFileReference; lastKnownFileType = sourcecode.swift; path = LoginViewController.swift; sourceTree = "<group>"; };
		574F27AA28C7C5A40092D293 /* GoogleService-Info.plist */ = {isa = PBXFileReference; fileEncoding = 4; lastKnownFileType = text.plist.xml; path = "GoogleService-Info.plist"; sourceTree = "<group>"; };
		574F27AC28CB5A510092D293 /* Session.swift */ = {isa = PBXFileReference; lastKnownFileType = sourcecode.swift; path = Session.swift; sourceTree = "<group>"; };
		57508A4928BE4BBF000328AC /* Cart.swift */ = {isa = PBXFileReference; lastKnownFileType = sourcecode.swift; path = Cart.swift; sourceTree = "<group>"; };
		57508A4B28BE4DF7000328AC /* Order.swift */ = {isa = PBXFileReference; lastKnownFileType = sourcecode.swift; path = Order.swift; sourceTree = "<group>"; };
		57508A5128BEA041000328AC /* AuthGatewayImpl.swift */ = {isa = PBXFileReference; lastKnownFileType = sourcecode.swift; path = AuthGatewayImpl.swift; sourceTree = "<group>"; };
		57508A5328BEA7D9000328AC /* ProductGatewayImpl.swift */ = {isa = PBXFileReference; lastKnownFileType = sourcecode.swift; path = ProductGatewayImpl.swift; sourceTree = "<group>"; };
		57508A5728BF45E5000328AC /* AuthProvider.swift */ = {isa = PBXFileReference; lastKnownFileType = sourcecode.swift; path = AuthProvider.swift; sourceTree = "<group>"; };
		57508A5928BF54E5000328AC /* RemoteRepositoryAPI.swift */ = {isa = PBXFileReference; lastKnownFileType = sourcecode.swift; path = RemoteRepositoryAPI.swift; sourceTree = "<group>"; };
		57508A5C28BFB34B000328AC /* ProductImagesAPI.swift */ = {isa = PBXFileReference; lastKnownFileType = sourcecode.swift; path = ProductImagesAPI.swift; sourceTree = "<group>"; };
		57508A6428BFD48A000328AC /* ProfileGateway.swift */ = {isa = PBXFileReference; lastKnownFileType = sourcecode.swift; path = ProfileGateway.swift; sourceTree = "<group>"; };
		57508A6628BFD525000328AC /* ProfileGatewayImpl.swift */ = {isa = PBXFileReference; lastKnownFileType = sourcecode.swift; path = ProfileGatewayImpl.swift; sourceTree = "<group>"; };
		57508A6828BFDC71000328AC /* CartGateway.swift */ = {isa = PBXFileReference; lastKnownFileType = sourcecode.swift; path = CartGateway.swift; sourceTree = "<group>"; };
		57508A6A28BFDC8D000328AC /* CartGatewayImpl.swift */ = {isa = PBXFileReference; lastKnownFileType = sourcecode.swift; path = CartGatewayImpl.swift; sourceTree = "<group>"; };
		5752CE3128DB721E001BAE4A /* UICollectionReusableView +.swift */ = {isa = PBXFileReference; lastKnownFileType = sourcecode.swift; path = "UICollectionReusableView +.swift"; sourceTree = "<group>"; };
		5752CE3D28DC575D001BAE4A /* ProductCellViewModel.swift */ = {isa = PBXFileReference; lastKnownFileType = sourcecode.swift; path = ProductCellViewModel.swift; sourceTree = "<group>"; };
		575C46F8299E1E2400F330BD /* CartUseCase.swift */ = {isa = PBXFileReference; lastKnownFileType = sourcecode.swift; path = CartUseCase.swift; sourceTree = "<group>"; };
		575F562528EC885200A44E6D /* CategoryCellViewModel.swift */ = {isa = PBXFileReference; lastKnownFileType = sourcecode.swift; path = CategoryCellViewModel.swift; sourceTree = "<group>"; };
		575F562728EC8DDD00A44E6D /* UIImage +.swift */ = {isa = PBXFileReference; lastKnownFileType = sourcecode.swift; path = "UIImage +.swift"; sourceTree = "<group>"; };
		575F562928EC95BD00A44E6D /* EyeglassesCategoriesConfigurator.swift */ = {isa = PBXFileReference; lastKnownFileType = sourcecode.swift; path = EyeglassesCategoriesConfigurator.swift; sourceTree = "<group>"; };
		575F562B28EC95FF00A44E6D /* EyeglassesCategoriesPresenter.swift */ = {isa = PBXFileReference; lastKnownFileType = sourcecode.swift; path = EyeglassesCategoriesPresenter.swift; sourceTree = "<group>"; };
		575F562D28EC965A00A44E6D /* EyeglassesCategoriesRouter.swift */ = {isa = PBXFileReference; lastKnownFileType = sourcecode.swift; path = EyeglassesCategoriesRouter.swift; sourceTree = "<group>"; };
		577301F928BBFB4E007FB72F /* ClassDiagram.mdj */ = {isa = PBXFileReference; fileEncoding = 4; lastKnownFileType = text; path = ClassDiagram.mdj; sourceTree = "<group>"; };
		577301FB28BBFD29007FB72F /* AppDesign.png */ = {isa = PBXFileReference; lastKnownFileType = image.png; path = AppDesign.png; sourceTree = "<group>"; };
		5773020328BBFE9A007FB72F /* Product.swift */ = {isa = PBXFileReference; lastKnownFileType = sourcecode.swift; path = Product.swift; sourceTree = "<group>"; };
		5773020528BBFF6E007FB72F /* Profile.swift */ = {isa = PBXFileReference; lastKnownFileType = sourcecode.swift; path = Profile.swift; sourceTree = "<group>"; };
		5773020728BC010F007FB72F /* ProductGateway.swift */ = {isa = PBXFileReference; lastKnownFileType = sourcecode.swift; path = ProductGateway.swift; sourceTree = "<group>"; };
		5773020928BC0226007FB72F /* GetProductsUseCase.swift */ = {isa = PBXFileReference; lastKnownFileType = sourcecode.swift; path = GetProductsUseCase.swift; sourceTree = "<group>"; };
		5773020D28BC040E007FB72F /* AuthGateway.swift */ = {isa = PBXFileReference; lastKnownFileType = sourcecode.swift; path = AuthGateway.swift; sourceTree = "<group>"; };
		5773020F28BCE474007FB72F /* Result.swift */ = {isa = PBXFileReference; lastKnownFileType = sourcecode.swift; path = Result.swift; sourceTree = "<group>"; };
		577B93C928C1F8B400E31B88 /* AuthUseCase.swift */ = {isa = PBXFileReference; lastKnownFileType = sourcecode.swift; path = AuthUseCase.swift; sourceTree = "<group>"; };
		577B93D228C2064600E31B88 /* AuthRequests.swift */ = {isa = PBXFileReference; lastKnownFileType = sourcecode.swift; path = AuthRequests.swift; sourceTree = "<group>"; };
		5784000228D5FC7D003766F0 /* ProductsRootView.swift */ = {isa = PBXFileReference; lastKnownFileType = sourcecode.swift; path = ProductsRootView.swift; sourceTree = "<group>"; };
		5784000628D5FCFC003766F0 /* UIColor +.swift */ = {isa = PBXFileReference; lastKnownFileType = sourcecode.swift; path = "UIColor +.swift"; sourceTree = "<group>"; };
		5784000828D5FD94003766F0 /* ProductViewCell.swift */ = {isa = PBXFileReference; lastKnownFileType = sourcecode.swift; path = ProductViewCell.swift; sourceTree = "<group>"; };
		5784000C28D5FE0F003766F0 /* ProductsConfigurator.swift */ = {isa = PBXFileReference; lastKnownFileType = sourcecode.swift; path = ProductsConfigurator.swift; sourceTree = "<group>"; };
		5784000E28D5FE68003766F0 /* ProductsViewController.swift */ = {isa = PBXFileReference; lastKnownFileType = sourcecode.swift; path = ProductsViewController.swift; sourceTree = "<group>"; };
		5784001028D5FEBC003766F0 /* ProductsPresenter.swift */ = {isa = PBXFileReference; lastKnownFileType = sourcecode.swift; path = ProductsPresenter.swift; sourceTree = "<group>"; };
		578DB1AE2906D039009C1FD2 /* Array +.swift */ = {isa = PBXFileReference; lastKnownFileType = sourcecode.swift; path = "Array +.swift"; sourceTree = "<group>"; };
		578DB1B02906D50D009C1FD2 /* ShimmerView.swift */ = {isa = PBXFileReference; lastKnownFileType = sourcecode.swift; path = ShimmerView.swift; sourceTree = "<group>"; };
		579404D9298D1C970048FD33 /* RegistrationConfigurator.swift */ = {isa = PBXFileReference; lastKnownFileType = sourcecode.swift; path = RegistrationConfigurator.swift; sourceTree = "<group>"; };
		579404DB298D1CB40048FD33 /* RegistrationPresenter.swift */ = {isa = PBXFileReference; lastKnownFileType = sourcecode.swift; path = RegistrationPresenter.swift; sourceTree = "<group>"; };
		579404DD298D1CC90048FD33 /* RegistrationRouter.swift */ = {isa = PBXFileReference; lastKnownFileType = sourcecode.swift; path = RegistrationRouter.swift; sourceTree = "<group>"; };
		579404DF298D1CE00048FD33 /* RegistrationViewController.swift */ = {isa = PBXFileReference; lastKnownFileType = sourcecode.swift; path = RegistrationViewController.swift; sourceTree = "<group>"; };
		579404E2298D1D010048FD33 /* RegistrationRootView.swift */ = {isa = PBXFileReference; lastKnownFileType = sourcecode.swift; path = RegistrationRootView.swift; sourceTree = "<group>"; };
		579404E5298D604B0048FD33 /* AlertViewController.swift */ = {isa = PBXFileReference; lastKnownFileType = sourcecode.swift; path = AlertViewController.swift; sourceTree = "<group>"; };
		579404E7298FE2000048FD33 /* UIApplication + .swift */ = {isa = PBXFileReference; lastKnownFileType = sourcecode.swift; path = "UIApplication + .swift"; sourceTree = "<group>"; };
		57A188B629AF742B009C3AE1 /* WarningView.swift */ = {isa = PBXFileReference; lastKnownFileType = sourcecode.swift; path = WarningView.swift; sourceTree = "<group>"; };
		57A188B829AF768C009C3AE1 /* NetworkMonitor.swift */ = {isa = PBXFileReference; lastKnownFileType = sourcecode.swift; path = NetworkMonitor.swift; sourceTree = "<group>"; };
		57A1BF4628DCB62000819E88 /* CheckboxButton.swift */ = {isa = PBXFileReference; lastKnownFileType = sourcecode.swift; path = CheckboxButton.swift; sourceTree = "<group>"; };
		57A1BF4828DDBA3F00819E88 /* UIView +.swift */ = {isa = PBXFileReference; lastKnownFileType = sourcecode.swift; path = "UIView +.swift"; sourceTree = "<group>"; };
		57A7C86429AE125100E979CB /* CartItemCellViewModel.swift */ = {isa = PBXFileReference; lastKnownFileType = sourcecode.swift; path = CartItemCellViewModel.swift; sourceTree = "<group>"; };
		57A7C86629AE885B00E979CB /* ShippingMethod.swift */ = {isa = PBXFileReference; lastKnownFileType = sourcecode.swift; path = ShippingMethod.swift; sourceTree = "<group>"; };
		57AAE78A29AFB0F7009FD328 /* FavoritesViewController.swift */ = {isa = PBXFileReference; lastKnownFileType = sourcecode.swift; path = FavoritesViewController.swift; sourceTree = "<group>"; };
		57AAE78C29AFB109009FD328 /* FavoritesRootView.swift */ = {isa = PBXFileReference; lastKnownFileType = sourcecode.swift; path = FavoritesRootView.swift; sourceTree = "<group>"; };
		57AAE78E29AFB122009FD328 /* FavoritesViewCell.swift */ = {isa = PBXFileReference; lastKnownFileType = sourcecode.swift; path = FavoritesViewCell.swift; sourceTree = "<group>"; };
		57AAE79029AFB131009FD328 /* FavoritesPresenter.swift */ = {isa = PBXFileReference; lastKnownFileType = sourcecode.swift; path = FavoritesPresenter.swift; sourceTree = "<group>"; };
		57AAE79229AFB139009FD328 /* FavoritesRouter.swift */ = {isa = PBXFileReference; lastKnownFileType = sourcecode.swift; path = FavoritesRouter.swift; sourceTree = "<group>"; };
		57AAE79429AFB154009FD328 /* FavoritesConfigurator.swift */ = {isa = PBXFileReference; lastKnownFileType = sourcecode.swift; path = FavoritesConfigurator.swift; sourceTree = "<group>"; };
		57AAE79B29AFB978009FD328 /* FavoriteItemModel.swift */ = {isa = PBXFileReference; lastKnownFileType = sourcecode.swift; path = FavoriteItemModel.swift; sourceTree = "<group>"; };
		57B75D3B29A9239E0017E0F3 /* ActivityIndicatorView.swift */ = {isa = PBXFileReference; lastKnownFileType = sourcecode.swift; path = ActivityIndicatorView.swift; sourceTree = "<group>"; };
		57B75D3F29A92AA80017E0F3 /* FavoriteGateway.swift */ = {isa = PBXFileReference; lastKnownFileType = sourcecode.swift; path = FavoriteGateway.swift; sourceTree = "<group>"; };
		57B75D4129A92CD00017E0F3 /* FavoriteGatewayImpl.swift */ = {isa = PBXFileReference; lastKnownFileType = sourcecode.swift; path = FavoriteGatewayImpl.swift; sourceTree = "<group>"; };
		57B75D4329A9E9B50017E0F3 /* Favorite.swift */ = {isa = PBXFileReference; lastKnownFileType = sourcecode.swift; path = Favorite.swift; sourceTree = "<group>"; };
		57B75D4529AA065C0017E0F3 /* FavoriteUseCase.swift */ = {isa = PBXFileReference; lastKnownFileType = sourcecode.swift; path = FavoriteUseCase.swift; sourceTree = "<group>"; };
		57B75D4729AA066D0017E0F3 /* FavoriteRequests.swift */ = {isa = PBXFileReference; lastKnownFileType = sourcecode.swift; path = FavoriteRequests.swift; sourceTree = "<group>"; };
		57B75D4B29AA31A70017E0F3 /* CartRootView.swift */ = {isa = PBXFileReference; lastKnownFileType = sourcecode.swift; path = CartRootView.swift; sourceTree = "<group>"; };
		57B75D4D29AA31B90017E0F3 /* CartItemViewCell.swift */ = {isa = PBXFileReference; lastKnownFileType = sourcecode.swift; path = CartItemViewCell.swift; sourceTree = "<group>"; };
		57B75D4F29AA31C70017E0F3 /* CartViewController.swift */ = {isa = PBXFileReference; lastKnownFileType = sourcecode.swift; path = CartViewController.swift; sourceTree = "<group>"; };
		57B75D5129AA31D60017E0F3 /* CartPresenter.swift */ = {isa = PBXFileReference; lastKnownFileType = sourcecode.swift; path = CartPresenter.swift; sourceTree = "<group>"; };
		57B75D5329AA31DE0017E0F3 /* CartRouter.swift */ = {isa = PBXFileReference; lastKnownFileType = sourcecode.swift; path = CartRouter.swift; sourceTree = "<group>"; };
		57B75D5529AA31E90017E0F3 /* CartConfigurator.swift */ = {isa = PBXFileReference; lastKnownFileType = sourcecode.swift; path = CartConfigurator.swift; sourceTree = "<group>"; };
		57B75D5729AB9F7E0017E0F3 /* ShippingViewCell.swift */ = {isa = PBXFileReference; lastKnownFileType = sourcecode.swift; path = ShippingViewCell.swift; sourceTree = "<group>"; };
		57B75D5929AB9FAD0017E0F3 /* SummaryViewCell.swift */ = {isa = PBXFileReference; lastKnownFileType = sourcecode.swift; path = SummaryViewCell.swift; sourceTree = "<group>"; };
		57B75D5B29ACC2C60017E0F3 /* QuantityStepper.swift */ = {isa = PBXFileReference; lastKnownFileType = sourcecode.swift; path = QuantityStepper.swift; sourceTree = "<group>"; };
		57BDD17328D77E4500A9007B /* Lato-Thin.ttf */ = {isa = PBXFileReference; lastKnownFileType = file; path = "Lato-Thin.ttf"; sourceTree = "<group>"; };
		57BDD17428D77E4500A9007B /* Lato-Bold.ttf */ = {isa = PBXFileReference; lastKnownFileType = file; path = "Lato-Bold.ttf"; sourceTree = "<group>"; };
		57BDD17528D77E4500A9007B /* Lato-Black.ttf */ = {isa = PBXFileReference; lastKnownFileType = file; path = "Lato-Black.ttf"; sourceTree = "<group>"; };
		57BDD17628D77E4500A9007B /* Lato-Regular.ttf */ = {isa = PBXFileReference; lastKnownFileType = file; path = "Lato-Regular.ttf"; sourceTree = "<group>"; };
		57BDD17728D77E4500A9007B /* Lato-Light.ttf */ = {isa = PBXFileReference; lastKnownFileType = file; path = "Lato-Light.ttf"; sourceTree = "<group>"; };
		57BDD17928D77E4500A9007B /* Oswald-Bold.ttf */ = {isa = PBXFileReference; lastKnownFileType = file; path = "Oswald-Bold.ttf"; sourceTree = "<group>"; };
		57BDD17A28D77E4500A9007B /* Oswald-SemiBold.ttf */ = {isa = PBXFileReference; lastKnownFileType = file; path = "Oswald-SemiBold.ttf"; sourceTree = "<group>"; };
		57BDD17B28D77E4500A9007B /* Oswald-Medium.ttf */ = {isa = PBXFileReference; lastKnownFileType = file; path = "Oswald-Medium.ttf"; sourceTree = "<group>"; };
		57BDD17C28D77E4500A9007B /* Oswald-Regular.ttf */ = {isa = PBXFileReference; lastKnownFileType = file; path = "Oswald-Regular.ttf"; sourceTree = "<group>"; };
		57BDD17D28D77E4500A9007B /* Oswald-ExtraLight.ttf */ = {isa = PBXFileReference; lastKnownFileType = file; path = "Oswald-ExtraLight.ttf"; sourceTree = "<group>"; };
		57BDD17E28D77E4500A9007B /* Oswald-Light.ttf */ = {isa = PBXFileReference; lastKnownFileType = file; path = "Oswald-Light.ttf"; sourceTree = "<group>"; };
		57BDD18B28D7865600A9007B /* ProductDetailsConfigurator.swift */ = {isa = PBXFileReference; lastKnownFileType = sourcecode.swift; path = ProductDetailsConfigurator.swift; sourceTree = "<group>"; };
		57BDD18D28D786B100A9007B /* ProductDetailsPresenter.swift */ = {isa = PBXFileReference; lastKnownFileType = sourcecode.swift; path = ProductDetailsPresenter.swift; sourceTree = "<group>"; };
		57BDD18F28D786FC00A9007B /* ProductDetailsViewController.swift */ = {isa = PBXFileReference; lastKnownFileType = sourcecode.swift; path = ProductDetailsViewController.swift; sourceTree = "<group>"; };
		57BDD19228D7886400A9007B /* ProductDetailsRootView.swift */ = {isa = PBXFileReference; lastKnownFileType = sourcecode.swift; path = ProductDetailsRootView.swift; sourceTree = "<group>"; };
		57BDD19428D789A800A9007B /* ProductDetailsRouter.swift */ = {isa = PBXFileReference; lastKnownFileType = sourcecode.swift; path = ProductDetailsRouter.swift; sourceTree = "<group>"; };
		57BDD19628D892E900A9007B /* ProductImageViewCell.swift */ = {isa = PBXFileReference; lastKnownFileType = sourcecode.swift; path = ProductImageViewCell.swift; sourceTree = "<group>"; };
		57C56B1B299682B7002A9BCB /* Sectionable Itemable.swift */ = {isa = PBXFileReference; lastKnownFileType = sourcecode.swift; path = "Sectionable Itemable.swift"; sourceTree = "<group>"; };
		57D0828B28F317C5005FF050 /* ZoomableView.swift */ = {isa = PBXFileReference; lastKnownFileType = sourcecode.swift; path = ZoomableView.swift; sourceTree = "<group>"; };
		57D0828F28F44398005FF050 /* UIViewController +.swift */ = {isa = PBXFileReference; lastKnownFileType = sourcecode.swift; path = "UIViewController +.swift"; sourceTree = "<group>"; };
		57E9DB2C29924FD900EDE67E /* Routable.swift */ = {isa = PBXFileReference; lastKnownFileType = sourcecode.swift; path = Routable.swift; sourceTree = "<group>"; };
		57E9DB2F2992540000EDE67E /* ForgotPasswordViewController.swift */ = {isa = PBXFileReference; lastKnownFileType = sourcecode.swift; path = ForgotPasswordViewController.swift; sourceTree = "<group>"; };
		57E9DB312992540B00EDE67E /* ForgotPasswordConfigurator.swift */ = {isa = PBXFileReference; lastKnownFileType = sourcecode.swift; path = ForgotPasswordConfigurator.swift; sourceTree = "<group>"; };
		57E9DB33299254DE00EDE67E /* ForgotPasswordPresenter.swift */ = {isa = PBXFileReference; lastKnownFileType = sourcecode.swift; path = ForgotPasswordPresenter.swift; sourceTree = "<group>"; };
		57E9DB362992554100EDE67E /* ForgotPasswordRootView.swift */ = {isa = PBXFileReference; lastKnownFileType = sourcecode.swift; path = ForgotPasswordRootView.swift; sourceTree = "<group>"; };
		57E9DB3A299259C100EDE67E /* ForgotPasswordRouter.swift */ = {isa = PBXFileReference; lastKnownFileType = sourcecode.swift; path = ForgotPasswordRouter.swift; sourceTree = "<group>"; };
		57E9DB3D299292B600EDE67E /* AppError.swift */ = {isa = PBXFileReference; lastKnownFileType = sourcecode.swift; path = AppError.swift; sourceTree = "<group>"; };
		57E9DB402993AE5000EDE67E /* ErrorHandlableFunction.swift */ = {isa = PBXFileReference; lastKnownFileType = sourcecode.swift; path = ErrorHandlableFunction.swift; sourceTree = "<group>"; };
		57ED3DB728E5E9A30015CFDE /* AccountMenuConfigurator.swift */ = {isa = PBXFileReference; lastKnownFileType = sourcecode.swift; path = AccountMenuConfigurator.swift; sourceTree = "<group>"; };
		57ED3DB928E5E9CC0015CFDE /* AccountMenuRouter.swift */ = {isa = PBXFileReference; lastKnownFileType = sourcecode.swift; path = AccountMenuRouter.swift; sourceTree = "<group>"; };
		57ED3DBB28E5EA3E0015CFDE /* AccountMenuPresenter.swift */ = {isa = PBXFileReference; lastKnownFileType = sourcecode.swift; path = AccountMenuPresenter.swift; sourceTree = "<group>"; };
		57ED3DBF28E6F01D0015CFDE /* CategoriesViewController.swift */ = {isa = PBXFileReference; lastKnownFileType = sourcecode.swift; path = CategoriesViewController.swift; sourceTree = "<group>"; };
		57ED3DC128E73B5E0015CFDE /* CategoriesRootView.swift */ = {isa = PBXFileReference; lastKnownFileType = sourcecode.swift; path = CategoriesRootView.swift; sourceTree = "<group>"; };
		57ED3DC328E755FB0015CFDE /* CategoryViewCell.swift */ = {isa = PBXFileReference; lastKnownFileType = sourcecode.swift; path = CategoryViewCell.swift; sourceTree = "<group>"; };
		57FA03D7299D38F00066B869 /* RequestStack.swift */ = {isa = PBXFileReference; lastKnownFileType = sourcecode.swift; path = RequestStack.swift; sourceTree = "<group>"; };
		57FA9D2E28C3322100DEB112 /* MyPlayground.playground */ = {isa = PBXFileReference; lastKnownFileType = file.playground; path = MyPlayground.playground; sourceTree = "<group>"; xcLanguageSpecificationIdentifier = xcode.lang.swift; };
		57FF080F28A503B600FE5FC9 /* 07 RayBan Store.app */ = {isa = PBXFileReference; explicitFileType = wrapper.application; includeInIndex = 0; path = "07 RayBan Store.app"; sourceTree = BUILT_PRODUCTS_DIR; };
		57FF081228A503B600FE5FC9 /* AppDelegate.swift */ = {isa = PBXFileReference; lastKnownFileType = sourcecode.swift; path = AppDelegate.swift; sourceTree = "<group>"; };
		57FF081428A503B600FE5FC9 /* SceneDelegate.swift */ = {isa = PBXFileReference; lastKnownFileType = sourcecode.swift; path = SceneDelegate.swift; sourceTree = "<group>"; };
		57FF081628A503B600FE5FC9 /* ViewController.swift */ = {isa = PBXFileReference; lastKnownFileType = sourcecode.swift; path = ViewController.swift; sourceTree = "<group>"; };
		57FF081B28A503B700FE5FC9 /* Assets.xcassets */ = {isa = PBXFileReference; lastKnownFileType = folder.assetcatalog; path = Assets.xcassets; sourceTree = "<group>"; };
		57FF081E28A503B700FE5FC9 /* Base */ = {isa = PBXFileReference; lastKnownFileType = file.storyboard; name = Base; path = Base.lproj/LaunchScreen.storyboard; sourceTree = "<group>"; };
		57FF082028A503B700FE5FC9 /* Info.plist */ = {isa = PBXFileReference; lastKnownFileType = text.plist.xml; path = Info.plist; sourceTree = "<group>"; };
		69243D96E0170934A5734306 /* Pods-07 RayBan Store.release.xcconfig */ = {isa = PBXFileReference; includeInIndex = 1; lastKnownFileType = text.xcconfig; name = "Pods-07 RayBan Store.release.xcconfig"; path = "Target Support Files/Pods-07 RayBan Store/Pods-07 RayBan Store.release.xcconfig"; sourceTree = "<group>"; };
		73267EFE8ACDDDE096C72367 /* Pods-07 RayBan Store.debug.xcconfig */ = {isa = PBXFileReference; includeInIndex = 1; lastKnownFileType = text.xcconfig; name = "Pods-07 RayBan Store.debug.xcconfig"; path = "Target Support Files/Pods-07 RayBan Store/Pods-07 RayBan Store.debug.xcconfig"; sourceTree = "<group>"; };
/* End PBXFileReference section */

/* Begin PBXFrameworksBuildPhase section */
		57FF080C28A503B600FE5FC9 /* Frameworks */ = {
			isa = PBXFrameworksBuildPhase;
			buildActionMask = 2147483647;
			files = (
				F6BE35325CAA04607AC7FA1F /* Pods_07_RayBan_Store.framework in Frameworks */,
				579B498329994F2E004D519D /* Semaphore in Frameworks */,
			);
			runOnlyForDeploymentPostprocessing = 0;
		};
/* End PBXFrameworksBuildPhase section */

/* Begin PBXGroup section */
		4E1A53091ECA2C5B553C9356 /* Pods */ = {
			isa = PBXGroup;
			children = (
				73267EFE8ACDDDE096C72367 /* Pods-07 RayBan Store.debug.xcconfig */,
				69243D96E0170934A5734306 /* Pods-07 RayBan Store.release.xcconfig */,
			);
			path = Pods;
			sourceTree = "<group>";
		};
		571AA49B28E0CEF60078F6A9 /* Lists */ = {
			isa = PBXGroup;
			children = (
				571AA49D28E0D2D60078F6A9 /* ListViewController.swift */,
				57D4619328E5DF5000414054 /* AppMenu */,
				57D4619428E5E40F00414054 /* AccountMenu */,
			);
			path = Lists;
			sourceTree = "<group>";
		};
		571EDB9E28D61B3600C8EBAA /* Views */ = {
			isa = PBXGroup;
			children = (
				5784000228D5FC7D003766F0 /* ProductsRootView.swift */,
				5784000828D5FD94003766F0 /* ProductViewCell.swift */,
				571AA4A928E1C15F0078F6A9 /* HeaderReusableView.swift */,
			);
			path = Views;
			sourceTree = "<group>";
		};
		573A25C028E8355D000B1548 /* Sunglasses */ = {
			isa = PBXGroup;
			children = (
				573A25C228E83714000B1548 /* SunglassesCategoriesConfigurator.swift */,
				573A25C628E8399E000B1548 /* SunglassesCategoriesPresenter.swift */,
				573A25C428E83934000B1548 /* SunglassesCategoriesRouter.swift */,
			);
			path = Sunglasses;
			sourceTree = "<group>";
		};
		573A25C128E83565000B1548 /* Eyeglasses */ = {
			isa = PBXGroup;
			children = (
				575F562928EC95BD00A44E6D /* EyeglassesCategoriesConfigurator.swift */,
				575F562B28EC95FF00A44E6D /* EyeglassesCategoriesPresenter.swift */,
				575F562D28EC965A00A44E6D /* EyeglassesCategoriesRouter.swift */,
			);
			path = Eyeglasses;
			sourceTree = "<group>";
		};
		573A25C828EB218F000B1548 /* Views */ = {
			isa = PBXGroup;
			children = (
				5720BF6A28D4EA2D003EBAA6 /* LoginRootView.swift */,
			);
			path = Views;
			sourceTree = "<group>";
		};
		574F276928C38ACE0092D293 /* IsProfileFilled */ = {
			isa = PBXGroup;
			children = (
				574F276B28C38AFE0092D293 /* IsProfileFilledUseCase.swift */,
			);
			path = IsProfileFilled;
			sourceTree = "<group>";
		};
		574F276A28C38AD90092D293 /* UpdateProfile */ = {
			isa = PBXGroup;
			children = (
				574F276D28C38BDB0092D293 /* UpdateProfileUseCase.swift */,
				574F276F28C38C990092D293 /* UpdateProfileRequest.swift */,
			);
			path = UpdateProfile;
			sourceTree = "<group>";
		};
		574F27A228C68D1D0092D293 /* Scenes */ = {
			isa = PBXGroup;
			children = (
				574F27A528C68D900092D293 /* Login */,
				579404D8298D1C5C0048FD33 /* Registration */,
				57E9DB2E2992538700EDE67E /* ForgotPassword */,
				5784000128D5FC67003766F0 /* Products */,
				57BDD18A28D785F500A9007B /* ProductDetails */,
				571AA49B28E0CEF60078F6A9 /* Lists */,
				57ED3DBD28E5F7200015CFDE /* Categories */,
				57B75D4929AA31610017E0F3 /* Cart */,
				57AAE78829AFB0D3009FD328 /* Favorites */,
			);
			path = Scenes;
			sourceTree = "<group>";
		};
		574F27A528C68D900092D293 /* Login */ = {
			isa = PBXGroup;
			children = (
				573A25C828EB218F000B1548 /* Views */,
				574F27A828C7A6C70092D293 /* LoginViewController.swift */,
				574F27A328C68D870092D293 /* LoginPresenter.swift */,
				5720BF6828D4E69A003EBAA6 /* LoginRouter.swift */,
				5720BF6628D4E646003EBAA6 /* LoginConfigurator.swift */,
			);
			path = Login;
			sourceTree = "<group>";
		};
		57508A4F28BE9ECC000328AC /* Gateways */ = {
			isa = PBXGroup;
			children = (
				57508A5128BEA041000328AC /* AuthGatewayImpl.swift */,
				57508A6628BFD525000328AC /* ProfileGatewayImpl.swift */,
				57508A5328BEA7D9000328AC /* ProductGatewayImpl.swift */,
				57508A6A28BFDC8D000328AC /* CartGatewayImpl.swift */,
				5720BF6428D4DF84003EBAA6 /* OrderGatewayImpl.swift */,
				57B75D4129A92CD00017E0F3 /* FavoriteGatewayImpl.swift */,
			);
			path = Gateways;
			sourceTree = "<group>";
		};
		57508A5B28BFB315000328AC /* APIs */ = {
			isa = PBXGroup;
			children = (
				57508A5928BF54E5000328AC /* RemoteRepositoryAPI.swift */,
				57508A5C28BFB34B000328AC /* ProductImagesAPI.swift */,
				57508A5728BF45E5000328AC /* AuthProvider.swift */,
			);
			path = APIs;
			sourceTree = "<group>";
		};
		577301F828BBFA50007FB72F /* Application */ = {
			isa = PBXGroup;
			children = (
				57E9DB3C2992929300EDE67E /* Errors */,
				574F27AC28CB5A510092D293 /* Session.swift */,
				57FF081228A503B600FE5FC9 /* AppDelegate.swift */,
				57FF081428A503B600FE5FC9 /* SceneDelegate.swift */,
				5740C5A2298A87D4006B432E /* SplashScreen.swift */,
				57A188B829AF768C009C3AE1 /* NetworkMonitor.swift */,
				57FF081628A503B600FE5FC9 /* ViewController.swift */,
				57FF081B28A503B700FE5FC9 /* Assets.xcassets */,
				57FF081D28A503B700FE5FC9 /* LaunchScreen.storyboard */,
				57FF082028A503B700FE5FC9 /* Info.plist */,
				574F27AA28C7C5A40092D293 /* GoogleService-Info.plist */,
			);
			path = Application;
			sourceTree = "<group>";
		};
		577301FD28BBFDEF007FB72F /* Domain */ = {
			isa = PBXGroup;
			children = (
				577301FE28BBFDFD007FB72F /* Entities */,
				5773020028BBFE17007FB72F /* UseCases */,
				577301FF28BBFE05007FB72F /* Gateways */,
				577B93CD28C1FB9B00E31B88 /* Common */,
			);
			path = Domain;
			sourceTree = "<group>";
		};
		577301FE28BBFDFD007FB72F /* Entities */ = {
			isa = PBXGroup;
			children = (
				5773020528BBFF6E007FB72F /* Profile.swift */,
				5773020328BBFE9A007FB72F /* Product.swift */,
				57508A4928BE4BBF000328AC /* Cart.swift */,
				57508A4B28BE4DF7000328AC /* Order.swift */,
				57B75D4329A9E9B50017E0F3 /* Favorite.swift */,
			);
			path = Entities;
			sourceTree = "<group>";
		};
		577301FF28BBFE05007FB72F /* Gateways */ = {
			isa = PBXGroup;
			children = (
				5773020D28BC040E007FB72F /* AuthGateway.swift */,
				57508A6428BFD48A000328AC /* ProfileGateway.swift */,
				5773020728BC010F007FB72F /* ProductGateway.swift */,
				57508A6828BFDC71000328AC /* CartGateway.swift */,
				574F278E28C4C3150092D293 /* OrderGateway.swift */,
				57B75D3F29A92AA80017E0F3 /* FavoriteGateway.swift */,
			);
			path = Gateways;
			sourceTree = "<group>";
		};
		5773020028BBFE17007FB72F /* UseCases */ = {
			isa = PBXGroup;
			children = (
				577B93BD28C1DBC300E31B88 /* Auth */,
				577B93BF28C1DBE800E31B88 /* Profile */,
				577B93BE28C1DBE000E31B88 /* Product */,
				577B93C028C1DBF100E31B88 /* Cart */,
				57B75D3D29A92A830017E0F3 /* Favorite */,
			);
			path = UseCases;
			sourceTree = "<group>";
		};
		5773020128BBFE3D007FB72F /* Data */ = {
			isa = PBXGroup;
			children = (
				57508A4F28BE9ECC000328AC /* Gateways */,
				57508A5B28BFB315000328AC /* APIs */,
				57E9DB3F2993AE1900EDE67E /* Helpers */,
			);
			path = Data;
			sourceTree = "<group>";
		};
		5773020228BBFE51007FB72F /* Presentation */ = {
			isa = PBXGroup;
			children = (
				57E9DB2B29924FCC00EDE67E /* Protocols */,
				574F27A228C68D1D0092D293 /* Scenes */,
				5784000428D5FCE0003766F0 /* Common */,
			);
			path = Presentation;
			sourceTree = "<group>";
		};
		5773021128BCE7C5007FB72F /* Documents */ = {
			isa = PBXGroup;
			children = (
				577301FB28BBFD29007FB72F /* AppDesign.png */,
				577301F928BBFB4E007FB72F /* ClassDiagram.mdj */,
			);
			path = Documents;
			sourceTree = "<group>";
		};
		577B93BD28C1DBC300E31B88 /* Auth */ = {
			isa = PBXGroup;
			children = (
				577B93C928C1F8B400E31B88 /* AuthUseCase.swift */,
				577B93D228C2064600E31B88 /* AuthRequests.swift */,
			);
			path = Auth;
			sourceTree = "<group>";
		};
		577B93BE28C1DBE000E31B88 /* Product */ = {
			isa = PBXGroup;
			children = (
				5773020928BC0226007FB72F /* GetProductsUseCase.swift */,
				574F275828C360550092D293 /* GetProductRequests.swift */,
			);
			path = Product;
			sourceTree = "<group>";
		};
		577B93BF28C1DBE800E31B88 /* Profile */ = {
			isa = PBXGroup;
			children = (
				574F276928C38ACE0092D293 /* IsProfileFilled */,
				574F276A28C38AD90092D293 /* UpdateProfile */,
			);
			path = Profile;
			sourceTree = "<group>";
		};
		577B93C028C1DBF100E31B88 /* Cart */ = {
			isa = PBXGroup;
			children = (
				575C46F8299E1E2400F330BD /* CartUseCase.swift */,
				574F279E28C66EC90092D293 /* CartRequests.swift */,
			);
			path = Cart;
			sourceTree = "<group>";
		};
		577B93CD28C1FB9B00E31B88 /* Common */ = {
			isa = PBXGroup;
			children = (
				5773020F28BCE474007FB72F /* Result.swift */,
				574F27A628C7922A0092D293 /* Validator.swift */,
			);
			path = Common;
			sourceTree = "<group>";
		};
		5784000128D5FC67003766F0 /* Products */ = {
			isa = PBXGroup;
			children = (
				57AAE79729AFB90B009FD328 /* Models */,
				571EDB9E28D61B3600C8EBAA /* Views */,
				5784000E28D5FE68003766F0 /* ProductsViewController.swift */,
				5784001028D5FEBC003766F0 /* ProductsPresenter.swift */,
				571EDB9C28D61B0600C8EBAA /* ProductsRouter.swift */,
				5784000C28D5FE0F003766F0 /* ProductsConfigurator.swift */,
			);
			path = Products;
			sourceTree = "<group>";
		};
		5784000428D5FCE0003766F0 /* Common */ = {
			isa = PBXGroup;
			children = (
				57FA03D6299D38E60066B869 /* Helpers */,
				579404E4298D60270048FD33 /* Alerts */,
				57A1BF4428DCB44700819E88 /* CustomViews */,
				5784000B28D5FDDD003766F0 /* Fonts */,
				5784000A28D5FDD2003766F0 /* Extensions */,
			);
			path = Common;
			sourceTree = "<group>";
		};
		5784000A28D5FDD2003766F0 /* Extensions */ = {
			isa = PBXGroup;
			children = (
				5784000628D5FCFC003766F0 /* UIColor +.swift */,
				57D0828F28F44398005FF050 /* UIViewController +.swift */,
				579404E7298FE2000048FD33 /* UIApplication + .swift */,
				575F562728EC8DDD00A44E6D /* UIImage +.swift */,
				571EDB9828D61A1C00C8EBAA /* UINavigationItem +.swift */,
				571EDB9A28D61A3E00C8EBAA /* UIButton +.swift */,
				571EDB9F28D61D2200C8EBAA /* UIFont +.swift */,
				5752CE3128DB721E001BAE4A /* UICollectionReusableView +.swift */,
				57A1BF4828DDBA3F00819E88 /* UIView +.swift */,
				571BC16F29B11EFD00CD5D0E /* Sequence + .swift */,
				57433E0C298AF46A00E723CB /* String + .swift */,
				578DB1AE2906D039009C1FD2 /* Array +.swift */,
			);
			path = Extensions;
			sourceTree = "<group>";
		};
		5784000B28D5FDDD003766F0 /* Fonts */ = {
			isa = PBXGroup;
			children = (
				57BDD17228D77E4500A9007B /* Lato */,
				57BDD17828D77E4500A9007B /* Oswald */,
			);
			path = Fonts;
			sourceTree = "<group>";
		};
		579404D8298D1C5C0048FD33 /* Registration */ = {
			isa = PBXGroup;
			children = (
				579404E1298D1CF70048FD33 /* Views */,
				579404DF298D1CE00048FD33 /* RegistrationViewController.swift */,
				579404DB298D1CB40048FD33 /* RegistrationPresenter.swift */,
				579404DD298D1CC90048FD33 /* RegistrationRouter.swift */,
				579404D9298D1C970048FD33 /* RegistrationConfigurator.swift */,
			);
			path = Registration;
			sourceTree = "<group>";
		};
		579404E1298D1CF70048FD33 /* Views */ = {
			isa = PBXGroup;
			children = (
				579404E2298D1D010048FD33 /* RegistrationRootView.swift */,
			);
			path = Views;
			sourceTree = "<group>";
		};
		579404E4298D60270048FD33 /* Alerts */ = {
			isa = PBXGroup;
			children = (
				579404E5298D604B0048FD33 /* AlertViewController.swift */,
				57A188B629AF742B009C3AE1 /* WarningView.swift */,
			);
			path = Alerts;
			sourceTree = "<group>";
		};
		57A1BF4428DCB44700819E88 /* CustomViews */ = {
			isa = PBXGroup;
			children = (
				57433E0E298AF50900E723CB /* RequiredTextField.swift */,
				57A1BF4628DCB62000819E88 /* CheckboxButton.swift */,
				578DB1B02906D50D009C1FD2 /* ShimmerView.swift */,
				57D0828B28F317C5005FF050 /* ZoomableView.swift */,
				57B75D3B29A9239E0017E0F3 /* ActivityIndicatorView.swift */,
				57B75D5B29ACC2C60017E0F3 /* QuantityStepper.swift */,
			);
			path = CustomViews;
			sourceTree = "<group>";
		};
		57AAE78829AFB0D3009FD328 /* Favorites */ = {
			isa = PBXGroup;
			children = (
				57AAE79A29AFB944009FD328 /* Models */,
				57AAE78929AFB0E3009FD328 /* Views */,
				57AAE78A29AFB0F7009FD328 /* FavoritesViewController.swift */,
				57AAE79029AFB131009FD328 /* FavoritesPresenter.swift */,
				57AAE79229AFB139009FD328 /* FavoritesRouter.swift */,
				57AAE79429AFB154009FD328 /* FavoritesConfigurator.swift */,
			);
			path = Favorites;
			sourceTree = "<group>";
		};
		57AAE78929AFB0E3009FD328 /* Views */ = {
			isa = PBXGroup;
			children = (
				57AAE78C29AFB109009FD328 /* FavoritesRootView.swift */,
				57AAE78E29AFB122009FD328 /* FavoritesViewCell.swift */,
			);
			path = Views;
			sourceTree = "<group>";
		};
		57AAE79629AFB8F6009FD328 /* Models */ = {
			isa = PBXGroup;
			children = (
				57A7C86429AE125100E979CB /* CartItemCellViewModel.swift */,
				57A7C86629AE885B00E979CB /* ShippingMethod.swift */,
			);
			path = Models;
			sourceTree = "<group>";
		};
		57AAE79729AFB90B009FD328 /* Models */ = {
			isa = PBXGroup;
			children = (
				5752CE3D28DC575D001BAE4A /* ProductCellViewModel.swift */,
			);
			path = Models;
			sourceTree = "<group>";
		};
		57AAE79829AFB91B009FD328 /* Models */ = {
			isa = PBXGroup;
			children = (
				5708386D29A4DE6900205B34 /* ProductDetailsViewModel.swift */,
			);
			path = Models;
			sourceTree = "<group>";
		};
		57AAE79929AFB928009FD328 /* Models */ = {
			isa = PBXGroup;
			children = (
				575F562528EC885200A44E6D /* CategoryCellViewModel.swift */,
			);
			path = Models;
			sourceTree = "<group>";
		};
		57AAE79A29AFB944009FD328 /* Models */ = {
			isa = PBXGroup;
			children = (
				57AAE79B29AFB978009FD328 /* FavoriteItemModel.swift */,
			);
			path = Models;
			sourceTree = "<group>";
		};
		57B75D3D29A92A830017E0F3 /* Favorite */ = {
			isa = PBXGroup;
			children = (
				57B75D4529AA065C0017E0F3 /* FavoriteUseCase.swift */,
				57B75D4729AA066D0017E0F3 /* FavoriteRequests.swift */,
			);
			path = Favorite;
			sourceTree = "<group>";
		};
		57B75D4929AA31610017E0F3 /* Cart */ = {
			isa = PBXGroup;
			children = (
				57AAE79629AFB8F6009FD328 /* Models */,
				57B75D4A29AA317E0017E0F3 /* Views */,
				57B75D4F29AA31C70017E0F3 /* CartViewController.swift */,
				57B75D5129AA31D60017E0F3 /* CartPresenter.swift */,
				57B75D5329AA31DE0017E0F3 /* CartRouter.swift */,
				57B75D5529AA31E90017E0F3 /* CartConfigurator.swift */,
			);
			path = Cart;
			sourceTree = "<group>";
		};
		57B75D4A29AA317E0017E0F3 /* Views */ = {
			isa = PBXGroup;
			children = (
				57B75D4B29AA31A70017E0F3 /* CartRootView.swift */,
				57B75D4D29AA31B90017E0F3 /* CartItemViewCell.swift */,
				57B75D5729AB9F7E0017E0F3 /* ShippingViewCell.swift */,
				57B75D5929AB9FAD0017E0F3 /* SummaryViewCell.swift */,
			);
			path = Views;
			sourceTree = "<group>";
		};
		57BDD17228D77E4500A9007B /* Lato */ = {
			isa = PBXGroup;
			children = (
				57BDD17328D77E4500A9007B /* Lato-Thin.ttf */,
				57BDD17428D77E4500A9007B /* Lato-Bold.ttf */,
				57BDD17528D77E4500A9007B /* Lato-Black.ttf */,
				57BDD17628D77E4500A9007B /* Lato-Regular.ttf */,
				57BDD17728D77E4500A9007B /* Lato-Light.ttf */,
			);
			path = Lato;
			sourceTree = "<group>";
		};
		57BDD17828D77E4500A9007B /* Oswald */ = {
			isa = PBXGroup;
			children = (
				57BDD17928D77E4500A9007B /* Oswald-Bold.ttf */,
				57BDD17A28D77E4500A9007B /* Oswald-SemiBold.ttf */,
				57BDD17B28D77E4500A9007B /* Oswald-Medium.ttf */,
				57BDD17C28D77E4500A9007B /* Oswald-Regular.ttf */,
				57BDD17D28D77E4500A9007B /* Oswald-ExtraLight.ttf */,
				57BDD17E28D77E4500A9007B /* Oswald-Light.ttf */,
			);
			path = Oswald;
			sourceTree = "<group>";
		};
		57BDD18A28D785F500A9007B /* ProductDetails */ = {
			isa = PBXGroup;
			children = (
				57AAE79829AFB91B009FD328 /* Models */,
				57BDD19128D7885000A9007B /* Views */,
				57BDD18F28D786FC00A9007B /* ProductDetailsViewController.swift */,
				57BDD18D28D786B100A9007B /* ProductDetailsPresenter.swift */,
				57BDD19428D789A800A9007B /* ProductDetailsRouter.swift */,
				57BDD18B28D7865600A9007B /* ProductDetailsConfigurator.swift */,
			);
			path = ProductDetails;
			sourceTree = "<group>";
		};
		57BDD19128D7885000A9007B /* Views */ = {
			isa = PBXGroup;
			children = (
				57BDD19228D7886400A9007B /* ProductDetailsRootView.swift */,
				57BDD19628D892E900A9007B /* ProductImageViewCell.swift */,
			);
			path = Views;
			sourceTree = "<group>";
		};
		57D4619328E5DF5000414054 /* AppMenu */ = {
			isa = PBXGroup;
			children = (
				571AA49F28E0D2EF0078F6A9 /* AppMenuPresenter.swift */,
				571AA4A128E0D3050078F6A9 /* AppMenuRouter.swift */,
				571AA4A328E0D31C0078F6A9 /* AppMenuConfigurator.swift */,
			);
			path = AppMenu;
			sourceTree = "<group>";
		};
		57D4619428E5E40F00414054 /* AccountMenu */ = {
			isa = PBXGroup;
			children = (
				57ED3DBB28E5EA3E0015CFDE /* AccountMenuPresenter.swift */,
				57ED3DB928E5E9CC0015CFDE /* AccountMenuRouter.swift */,
				57ED3DB728E5E9A30015CFDE /* AccountMenuConfigurator.swift */,
			);
			path = AccountMenu;
			sourceTree = "<group>";
		};
		57E9DB2B29924FCC00EDE67E /* Protocols */ = {
			isa = PBXGroup;
			children = (
				57E9DB2C29924FD900EDE67E /* Routable.swift */,
				57C56B1B299682B7002A9BCB /* Sectionable Itemable.swift */,
			);
			path = Protocols;
			sourceTree = "<group>";
		};
		57E9DB2E2992538700EDE67E /* ForgotPassword */ = {
			isa = PBXGroup;
			children = (
				57E9DB352992553300EDE67E /* Views */,
				57E9DB2F2992540000EDE67E /* ForgotPasswordViewController.swift */,
				57E9DB33299254DE00EDE67E /* ForgotPasswordPresenter.swift */,
				57E9DB3A299259C100EDE67E /* ForgotPasswordRouter.swift */,
				57E9DB312992540B00EDE67E /* ForgotPasswordConfigurator.swift */,
			);
			path = ForgotPassword;
			sourceTree = "<group>";
		};
		57E9DB352992553300EDE67E /* Views */ = {
			isa = PBXGroup;
			children = (
				57E9DB362992554100EDE67E /* ForgotPasswordRootView.swift */,
			);
			path = Views;
			sourceTree = "<group>";
		};
		57E9DB3C2992929300EDE67E /* Errors */ = {
			isa = PBXGroup;
			children = (
				57E9DB3D299292B600EDE67E /* AppError.swift */,
			);
			path = Errors;
			sourceTree = "<group>";
		};
		57E9DB3F2993AE1900EDE67E /* Helpers */ = {
			isa = PBXGroup;
			children = (
				57E9DB402993AE5000EDE67E /* ErrorHandlableFunction.swift */,
			);
			path = Helpers;
			sourceTree = "<group>";
		};
		57ED3DBD28E5F7200015CFDE /* Categories */ = {
			isa = PBXGroup;
			children = (
				57AAE79929AFB928009FD328 /* Models */,
				57ED3DBE28E6EFB50015CFDE /* Views */,
				57ED3DBF28E6F01D0015CFDE /* CategoriesViewController.swift */,
				573A25C028E8355D000B1548 /* Sunglasses */,
				573A25C128E83565000B1548 /* Eyeglasses */,
			);
			path = Categories;
			sourceTree = "<group>";
		};
		57ED3DBE28E6EFB50015CFDE /* Views */ = {
			isa = PBXGroup;
			children = (
				57ED3DC128E73B5E0015CFDE /* CategoriesRootView.swift */,
				57ED3DC328E755FB0015CFDE /* CategoryViewCell.swift */,
			);
			path = Views;
			sourceTree = "<group>";
		};
		57FA03D6299D38E60066B869 /* Helpers */ = {
			isa = PBXGroup;
			children = (
				57FA03D7299D38F00066B869 /* RequestStack.swift */,
			);
			path = Helpers;
			sourceTree = "<group>";
		};
		57FF080628A503B600FE5FC9 = {
			isa = PBXGroup;
			children = (
				57FF081128A503B600FE5FC9 /* 07 RayBan Store */,
				57FF081028A503B600FE5FC9 /* Products */,
				4E1A53091ECA2C5B553C9356 /* Pods */,
				B99DCD7E15723BF8F9999736 /* Frameworks */,
			);
			sourceTree = "<group>";
		};
		57FF081028A503B600FE5FC9 /* Products */ = {
			isa = PBXGroup;
			children = (
				57FF080F28A503B600FE5FC9 /* 07 RayBan Store.app */,
			);
			name = Products;
			sourceTree = "<group>";
		};
		57FF081128A503B600FE5FC9 /* 07 RayBan Store */ = {
			isa = PBXGroup;
			children = (
				5773021128BCE7C5007FB72F /* Documents */,
				577301FD28BBFDEF007FB72F /* Domain */,
				5773020128BBFE3D007FB72F /* Data */,
				5773020228BBFE51007FB72F /* Presentation */,
				577301F828BBFA50007FB72F /* Application */,
				57FA9D2E28C3322100DEB112 /* MyPlayground.playground */,
			);
			path = "07 RayBan Store";
			sourceTree = "<group>";
		};
		B99DCD7E15723BF8F9999736 /* Frameworks */ = {
			isa = PBXGroup;
			children = (
				571EDBA128D6223400C8EBAA /* FBSDKCoreKit.xcframework */,
				182FDD2E74C1FCC59D858C5A /* Pods_07_RayBan_Store.framework */,
			);
			name = Frameworks;
			sourceTree = "<group>";
		};
/* End PBXGroup section */

/* Begin PBXNativeTarget section */
		57FF080E28A503B600FE5FC9 /* 07 RayBan Store */ = {
			isa = PBXNativeTarget;
			buildConfigurationList = 57FF082328A503B700FE5FC9 /* Build configuration list for PBXNativeTarget "07 RayBan Store" */;
			buildPhases = (
				61FA22104201613F8AFF7171 /* [CP] Check Pods Manifest.lock */,
				57FF080B28A503B600FE5FC9 /* Sources */,
				57FF080C28A503B600FE5FC9 /* Frameworks */,
				57FF080D28A503B600FE5FC9 /* Resources */,
				5781E1SWIFTLINT8001842E1 /* ShellScript */,
				70EDAEE0475C7A11B4594CB2 /* [CP] Embed Pods Frameworks */,
			);
			buildRules = (
			);
			dependencies = (
			);
			name = "07 RayBan Store";
			packageProductDependencies = (
				579B498229994F2E004D519D /* Semaphore */,
			);
			productName = "07 RayBan Store";
			productReference = 57FF080F28A503B600FE5FC9 /* 07 RayBan Store.app */;
			productType = "com.apple.product-type.application";
		};
/* End PBXNativeTarget section */

/* Begin PBXProject section */
		57FF080728A503B600FE5FC9 /* Project object */ = {
			isa = PBXProject;
			attributes = {
				BuildIndependentTargetsInParallel = 1;
				LastSwiftUpdateCheck = 1340;
				LastUpgradeCheck = 1340;
				TargetAttributes = {
					57FF080E28A503B600FE5FC9 = {
						CreatedOnToolsVersion = 13.4.1;
					};
				};
			};
			buildConfigurationList = 57FF080A28A503B600FE5FC9 /* Build configuration list for PBXProject "07 RayBan Store" */;
			compatibilityVersion = "Xcode 13.0";
			developmentRegion = en;
			hasScannedForEncodings = 0;
			knownRegions = (
				en,
				Base,
			);
			mainGroup = 57FF080628A503B600FE5FC9;
			packageReferences = (
				579B498129994F2E004D519D /* XCRemoteSwiftPackageReference "Semaphore" */,
			);
			productRefGroup = 57FF081028A503B600FE5FC9 /* Products */;
			projectDirPath = "";
			projectRoot = "";
			targets = (
				57FF080E28A503B600FE5FC9 /* 07 RayBan Store */,
			);
		};
/* End PBXProject section */

/* Begin PBXResourcesBuildPhase section */
		57FF080D28A503B600FE5FC9 /* Resources */ = {
			isa = PBXResourcesBuildPhase;
			buildActionMask = 2147483647;
			files = (
				57BDD18028D77E4500A9007B /* Lato-Bold.ttf in Resources */,
				57BDD18528D77E4500A9007B /* Oswald-SemiBold.ttf in Resources */,
				57FF081F28A503B700FE5FC9 /* LaunchScreen.storyboard in Resources */,
				57BDD18728D77E4500A9007B /* Oswald-Regular.ttf in Resources */,
				57BDD18428D77E4500A9007B /* Oswald-Bold.ttf in Resources */,
				57BDD17F28D77E4500A9007B /* Lato-Thin.ttf in Resources */,
				577301FA28BBFB4E007FB72F /* ClassDiagram.mdj in Resources */,
				57BDD18228D77E4500A9007B /* Lato-Regular.ttf in Resources */,
				57BDD18328D77E4500A9007B /* Lato-Light.ttf in Resources */,
				57BDD18128D77E4500A9007B /* Lato-Black.ttf in Resources */,
				574F27AB28C7C5A40092D293 /* GoogleService-Info.plist in Resources */,
				57BDD18928D77E4500A9007B /* Oswald-Light.ttf in Resources */,
				57BDD18828D77E4500A9007B /* Oswald-ExtraLight.ttf in Resources */,
				577301FC28BBFD29007FB72F /* AppDesign.png in Resources */,
				57BDD18628D77E4500A9007B /* Oswald-Medium.ttf in Resources */,
				57FF081C28A503B700FE5FC9 /* Assets.xcassets in Resources */,
			);
			runOnlyForDeploymentPostprocessing = 0;
		};
/* End PBXResourcesBuildPhase section */

/* Begin PBXShellScriptBuildPhase section */
		5781E1SWIFTLINT8001842E1 /* ShellScript */ = {
			isa = PBXShellScriptBuildPhase;
			alwaysOutOfDate = 1;
			buildActionMask = 2147483647;
			files = (
			);
			inputFileListPaths = (
			);
			inputPaths = (
			);
			outputFileListPaths = (
			);
			outputPaths = (
			);
			runOnlyForDeploymentPostprocessing = 0;
			shellPath = /bin/sh;
			shellScript = "\"${PODS_ROOT}/SwiftLint/swiftlint\"\n";
		};
		61FA22104201613F8AFF7171 /* [CP] Check Pods Manifest.lock */ = {
			isa = PBXShellScriptBuildPhase;
			buildActionMask = 2147483647;
			files = (
			);
			inputFileListPaths = (
			);
			inputPaths = (
				"${PODS_PODFILE_DIR_PATH}/Podfile.lock",
				"${PODS_ROOT}/Manifest.lock",
			);
			name = "[CP] Check Pods Manifest.lock";
			outputFileListPaths = (
			);
			outputPaths = (
				"$(DERIVED_FILE_DIR)/Pods-07 RayBan Store-checkManifestLockResult.txt",
			);
			runOnlyForDeploymentPostprocessing = 0;
			shellPath = /bin/sh;
			shellScript = "diff \"${PODS_PODFILE_DIR_PATH}/Podfile.lock\" \"${PODS_ROOT}/Manifest.lock\" > /dev/null\nif [ $? != 0 ] ; then\n    # print error to STDERR\n    echo \"error: The sandbox is not in sync with the Podfile.lock. Run 'pod install' or update your CocoaPods installation.\" >&2\n    exit 1\nfi\n# This output is used by Xcode 'outputs' to avoid re-running this script phase.\necho \"SUCCESS\" > \"${SCRIPT_OUTPUT_FILE_0}\"\n";
			showEnvVarsInLog = 0;
		};
		70EDAEE0475C7A11B4594CB2 /* [CP] Embed Pods Frameworks */ = {
			isa = PBXShellScriptBuildPhase;
			buildActionMask = 2147483647;
			files = (
			);
			inputFileListPaths = (
				"${PODS_ROOT}/Target Support Files/Pods-07 RayBan Store/Pods-07 RayBan Store-frameworks-${CONFIGURATION}-input-files.xcfilelist",
			);
			name = "[CP] Embed Pods Frameworks";
			outputFileListPaths = (
				"${PODS_ROOT}/Target Support Files/Pods-07 RayBan Store/Pods-07 RayBan Store-frameworks-${CONFIGURATION}-output-files.xcfilelist",
			);
			runOnlyForDeploymentPostprocessing = 0;
			shellPath = /bin/sh;
			shellScript = "\"${PODS_ROOT}/Target Support Files/Pods-07 RayBan Store/Pods-07 RayBan Store-frameworks.sh\"\n";
			showEnvVarsInLog = 0;
		};
/* End PBXShellScriptBuildPhase section */

/* Begin PBXSourcesBuildPhase section */
		57FF080B28A503B600FE5FC9 /* Sources */ = {
			isa = PBXSourcesBuildPhase;
			buildActionMask = 2147483647;
			files = (
				57B75D5229AA31D60017E0F3 /* CartPresenter.swift in Sources */,
				571AA4AA28E1C15F0078F6A9 /* HeaderReusableView.swift in Sources */,
				57433E0F298AF50900E723CB /* RequiredTextField.swift in Sources */,
				5720BF6528D4DF84003EBAA6 /* OrderGatewayImpl.swift in Sources */,
				571AA4A428E0D31C0078F6A9 /* AppMenuConfigurator.swift in Sources */,
				5784000328D5FC7D003766F0 /* ProductsRootView.swift in Sources */,
				5784001128D5FEBC003766F0 /* ProductsPresenter.swift in Sources */,
				579404E8298FE2000048FD33 /* UIApplication + .swift in Sources */,
				57B75D5429AA31DE0017E0F3 /* CartRouter.swift in Sources */,
				578DB1B12906D50D009C1FD2 /* ShimmerView.swift in Sources */,
				57B75D5629AA31E90017E0F3 /* CartConfigurator.swift in Sources */,
				57508A6B28BFDC8D000328AC /* CartGatewayImpl.swift in Sources */,
				5740C5A3298A87D5006B432E /* SplashScreen.swift in Sources */,
				57508A6928BFDC71000328AC /* CartGateway.swift in Sources */,
				57FF081728A503B600FE5FC9 /* ViewController.swift in Sources */,
				5720BF6928D4E69A003EBAA6 /* LoginRouter.swift in Sources */,
				57ED3DC428E755FB0015CFDE /* CategoryViewCell.swift in Sources */,
				57E9DB372992554100EDE67E /* ForgotPasswordRootView.swift in Sources */,
				57BDD19728D892E900A9007B /* ProductImageViewCell.swift in Sources */,
				5773020A28BC0226007FB72F /* GetProductsUseCase.swift in Sources */,
				57C56B1C299682B7002A9BCB /* Sectionable Itemable.swift in Sources */,
				57508A5A28BF54E5000328AC /* RemoteRepositoryAPI.swift in Sources */,
				5773020628BBFF6E007FB72F /* Profile.swift in Sources */,
				57A7C86529AE125100E979CB /* CartItemCellViewModel.swift in Sources */,
				574F277028C38C990092D293 /* UpdateProfileRequest.swift in Sources */,
				575F562628EC885200A44E6D /* CategoryCellViewModel.swift in Sources */,
				5773020828BC010F007FB72F /* ProductGateway.swift in Sources */,
				57A7C86729AE885B00E979CB /* ShippingMethod.swift in Sources */,
				57508A4A28BE4BBF000328AC /* Cart.swift in Sources */,
				579404DE298D1CC90048FD33 /* RegistrationRouter.swift in Sources */,
				575C46F9299E1E2400F330BD /* CartUseCase.swift in Sources */,
				57A1BF4928DDBA3F00819E88 /* UIView +.swift in Sources */,
				571AA4A028E0D2EF0078F6A9 /* AppMenuPresenter.swift in Sources */,
				57508A5428BEA7D9000328AC /* ProductGatewayImpl.swift in Sources */,
				571BC17029B11EFD00CD5D0E /* Sequence + .swift in Sources */,
				57508A4C28BE4DF7000328AC /* Order.swift in Sources */,
				57B75D4E29AA31B90017E0F3 /* CartItemViewCell.swift in Sources */,
				57AAE79329AFB139009FD328 /* FavoritesRouter.swift in Sources */,
				571AA49E28E0D2D60078F6A9 /* ListViewController.swift in Sources */,
				57B75D5C29ACC2C60017E0F3 /* QuantityStepper.swift in Sources */,
				57433E0D298AF46A00E723CB /* String + .swift in Sources */,
				5752CE3228DB721E001BAE4A /* UICollectionReusableView +.swift in Sources */,
				57AAE79129AFB131009FD328 /* FavoritesPresenter.swift in Sources */,
				57AAE78F29AFB122009FD328 /* FavoritesViewCell.swift in Sources */,
				57B75D4429A9E9B50017E0F3 /* Favorite.swift in Sources */,
				571AA4A228E0D3050078F6A9 /* AppMenuRouter.swift in Sources */,
				574F278F28C4C3150092D293 /* OrderGateway.swift in Sources */,
				57B75D5829AB9F7E0017E0F3 /* ShippingViewCell.swift in Sources */,
				575F562A28EC95BD00A44E6D /* EyeglassesCategoriesConfigurator.swift in Sources */,
				57E9DB2D29924FD900EDE67E /* Routable.swift in Sources */,
				57FA03D8299D38F00066B869 /* RequestStack.swift in Sources */,
				57AAE79C29AFB978009FD328 /* FavoriteItemModel.swift in Sources */,
				57508A6528BFD48A000328AC /* ProfileGateway.swift in Sources */,
				5784000F28D5FE68003766F0 /* ProductsViewController.swift in Sources */,
				57D0828C28F317C5005FF050 /* ZoomableView.swift in Sources */,
				57B75D5029AA31C70017E0F3 /* CartViewController.swift in Sources */,
				577B93D328C2064600E31B88 /* AuthRequests.swift in Sources */,
				57508A5228BEA041000328AC /* AuthGatewayImpl.swift in Sources */,
				5773020428BBFE9A007FB72F /* Product.swift in Sources */,
				57B75D4829AA066D0017E0F3 /* FavoriteRequests.swift in Sources */,
				57A188B929AF768C009C3AE1 /* NetworkMonitor.swift in Sources */,
				57508A5D28BFB34B000328AC /* ProductImagesAPI.swift in Sources */,
				57ED3DBA28E5E9CC0015CFDE /* AccountMenuRouter.swift in Sources */,
				5708386E29A4DE6900205B34 /* ProductDetailsViewModel.swift in Sources */,
				57ED3DC228E73B5E0015CFDE /* CategoriesRootView.swift in Sources */,
				571EDB9B28D61A3E00C8EBAA /* UIButton +.swift in Sources */,
				5784000728D5FCFC003766F0 /* UIColor +.swift in Sources */,
				57B75D4029A92AA80017E0F3 /* FavoriteGateway.swift in Sources */,
				57A188B729AF742B009C3AE1 /* WarningView.swift in Sources */,
				57ED3DB828E5E9A30015CFDE /* AccountMenuConfigurator.swift in Sources */,
				57B75D3C29A9239E0017E0F3 /* ActivityIndicatorView.swift in Sources */,
				57E9DB3B299259C100EDE67E /* ForgotPasswordRouter.swift in Sources */,
				575F562828EC8DDD00A44E6D /* UIImage +.swift in Sources */,
				57BDD19028D786FC00A9007B /* ProductDetailsViewController.swift in Sources */,
				57A1BF4728DCB62000819E88 /* CheckboxButton.swift in Sources */,
				573A25C728E8399E000B1548 /* SunglassesCategoriesPresenter.swift in Sources */,
				57E9DB34299254DE00EDE67E /* ForgotPasswordPresenter.swift in Sources */,
				57D0829028F44398005FF050 /* UIViewController +.swift in Sources */,
				57B75D4629AA065C0017E0F3 /* FavoriteUseCase.swift in Sources */,
				573A25C328E83714000B1548 /* SunglassesCategoriesConfigurator.swift in Sources */,
				574F276C28C38AFE0092D293 /* IsProfileFilledUseCase.swift in Sources */,
				5784000928D5FD94003766F0 /* ProductViewCell.swift in Sources */,
				579404E0298D1CE00048FD33 /* RegistrationViewController.swift in Sources */,
				57FF081328A503B600FE5FC9 /* AppDelegate.swift in Sources */,
				57E9DB302992540000EDE67E /* ForgotPasswordViewController.swift in Sources */,
				57ED3DC028E6F01D0015CFDE /* CategoriesViewController.swift in Sources */,
				57E9DB412993AE5000EDE67E /* ErrorHandlableFunction.swift in Sources */,
				57AAE79529AFB154009FD328 /* FavoritesConfigurator.swift in Sources */,
				571EDB9D28D61B0600C8EBAA /* ProductsRouter.swift in Sources */,
				5773021028BCE474007FB72F /* Result.swift in Sources */,
				5784000D28D5FE0F003766F0 /* ProductsConfigurator.swift in Sources */,
				5720BF6B28D4EA2D003EBAA6 /* LoginRootView.swift in Sources */,
				57FF081528A503B600FE5FC9 /* SceneDelegate.swift in Sources */,
				579404DA298D1C970048FD33 /* RegistrationConfigurator.swift in Sources */,
				579404DC298D1CB40048FD33 /* RegistrationPresenter.swift in Sources */,
				57ED3DBC28E5EA3E0015CFDE /* AccountMenuPresenter.swift in Sources */,
				574F276E28C38BDB0092D293 /* UpdateProfileUseCase.swift in Sources */,
				57508A5828BF45E5000328AC /* AuthProvider.swift in Sources */,
				5752CE3E28DC575D001BAE4A /* ProductCellViewModel.swift in Sources */,
				57B75D5A29AB9FAD0017E0F3 /* SummaryViewCell.swift in Sources */,
				57AAE78D29AFB109009FD328 /* FavoritesRootView.swift in Sources */,
				573A25C528E83934000B1548 /* SunglassesCategoriesRouter.swift in Sources */,
				57AAE78B29AFB0F7009FD328 /* FavoritesViewController.swift in Sources */,
				574F275928C360550092D293 /* GetProductRequests.swift in Sources */,
				574F27A928C7A6C70092D293 /* LoginViewController.swift in Sources */,
				575F562C28EC95FF00A44E6D /* EyeglassesCategoriesPresenter.swift in Sources */,
				574F27A728C7922A0092D293 /* Validator.swift in Sources */,
				57E9DB322992540B00EDE67E /* ForgotPasswordConfigurator.swift in Sources */,
				579404E3298D1D010048FD33 /* RegistrationRootView.swift in Sources */,
				574F27AD28CB5A510092D293 /* Session.swift in Sources */,
				5720BF6728D4E646003EBAA6 /* LoginConfigurator.swift in Sources */,
				57508A6728BFD525000328AC /* ProfileGatewayImpl.swift in Sources */,
				57B75D4C29AA31A70017E0F3 /* CartRootView.swift in Sources */,
				57BDD18C28D7865600A9007B /* ProductDetailsConfigurator.swift in Sources */,
				57BDD19528D789A800A9007B /* ProductDetailsRouter.swift in Sources */,
				571EDBA028D61D2200C8EBAA /* UIFont +.swift in Sources */,
				574F279F28C66EC90092D293 /* CartRequests.swift in Sources */,
				5773020E28BC040E007FB72F /* AuthGateway.swift in Sources */,
				578DB1AF2906D039009C1FD2 /* Array +.swift in Sources */,
				57BDD18E28D786B100A9007B /* ProductDetailsPresenter.swift in Sources */,
				571EDB9928D61A1C00C8EBAA /* UINavigationItem +.swift in Sources */,
				57E9DB3E299292B600EDE67E /* AppError.swift in Sources */,
				577B93CA28C1F8B400E31B88 /* AuthUseCase.swift in Sources */,
				575F562E28EC965A00A44E6D /* EyeglassesCategoriesRouter.swift in Sources */,
				574F27A428C68D870092D293 /* LoginPresenter.swift in Sources */,
				57BDD19328D7886400A9007B /* ProductDetailsRootView.swift in Sources */,
				579404E6298D604B0048FD33 /* AlertViewController.swift in Sources */,
				57B75D4229A92CD00017E0F3 /* FavoriteGatewayImpl.swift in Sources */,
			);
			runOnlyForDeploymentPostprocessing = 0;
		};
/* End PBXSourcesBuildPhase section */

/* Begin PBXVariantGroup section */
		57FF081D28A503B700FE5FC9 /* LaunchScreen.storyboard */ = {
			isa = PBXVariantGroup;
			children = (
				57FF081E28A503B700FE5FC9 /* Base */,
			);
			name = LaunchScreen.storyboard;
			sourceTree = "<group>";
		};
/* End PBXVariantGroup section */

/* Begin XCBuildConfiguration section */
		57FF082128A503B700FE5FC9 /* Debug */ = {
			isa = XCBuildConfiguration;
			buildSettings = {
				ALWAYS_SEARCH_USER_PATHS = NO;
				CLANG_ANALYZER_NONNULL = YES;
				CLANG_ANALYZER_NUMBER_OBJECT_CONVERSION = YES_AGGRESSIVE;
				CLANG_CXX_LANGUAGE_STANDARD = "gnu++17";
				CLANG_ENABLE_MODULES = YES;
				CLANG_ENABLE_OBJC_ARC = YES;
				CLANG_ENABLE_OBJC_WEAK = YES;
				CLANG_WARN_BLOCK_CAPTURE_AUTORELEASING = YES;
				CLANG_WARN_BOOL_CONVERSION = YES;
				CLANG_WARN_COMMA = YES;
				CLANG_WARN_CONSTANT_CONVERSION = YES;
				CLANG_WARN_DEPRECATED_OBJC_IMPLEMENTATIONS = YES;
				CLANG_WARN_DIRECT_OBJC_ISA_USAGE = YES_ERROR;
				CLANG_WARN_DOCUMENTATION_COMMENTS = YES;
				CLANG_WARN_EMPTY_BODY = YES;
				CLANG_WARN_ENUM_CONVERSION = YES;
				CLANG_WARN_INFINITE_RECURSION = YES;
				CLANG_WARN_INT_CONVERSION = YES;
				CLANG_WARN_NON_LITERAL_NULL_CONVERSION = YES;
				CLANG_WARN_OBJC_IMPLICIT_RETAIN_SELF = YES;
				CLANG_WARN_OBJC_LITERAL_CONVERSION = YES;
				CLANG_WARN_OBJC_ROOT_CLASS = YES_ERROR;
				CLANG_WARN_QUOTED_INCLUDE_IN_FRAMEWORK_HEADER = YES;
				CLANG_WARN_RANGE_LOOP_ANALYSIS = YES;
				CLANG_WARN_STRICT_PROTOTYPES = YES;
				CLANG_WARN_SUSPICIOUS_MOVE = YES;
				CLANG_WARN_UNGUARDED_AVAILABILITY = YES_AGGRESSIVE;
				CLANG_WARN_UNREACHABLE_CODE = YES;
				CLANG_WARN__DUPLICATE_METHOD_MATCH = YES;
				COPY_PHASE_STRIP = NO;
				DEBUG_INFORMATION_FORMAT = dwarf;
				ENABLE_STRICT_OBJC_MSGSEND = YES;
				ENABLE_TESTABILITY = YES;
				GCC_C_LANGUAGE_STANDARD = gnu11;
				GCC_DYNAMIC_NO_PIC = NO;
				GCC_NO_COMMON_BLOCKS = YES;
				GCC_OPTIMIZATION_LEVEL = 0;
				GCC_PREPROCESSOR_DEFINITIONS = (
					"DEBUG=1",
					"$(inherited)",
				);
				GCC_WARN_64_TO_32_BIT_CONVERSION = YES;
				GCC_WARN_ABOUT_RETURN_TYPE = YES_ERROR;
				GCC_WARN_UNDECLARED_SELECTOR = YES;
				GCC_WARN_UNINITIALIZED_AUTOS = YES_AGGRESSIVE;
				GCC_WARN_UNUSED_FUNCTION = YES;
				GCC_WARN_UNUSED_VARIABLE = YES;
				IPHONEOS_DEPLOYMENT_TARGET = 15.5;
				MTL_ENABLE_DEBUG_INFO = INCLUDE_SOURCE;
				MTL_FAST_MATH = YES;
				ONLY_ACTIVE_ARCH = YES;
				SDKROOT = iphoneos;
				SWIFT_ACTIVE_COMPILATION_CONDITIONS = DEBUG;
				SWIFT_OPTIMIZATION_LEVEL = "-Onone";
			};
			name = Debug;
		};
		57FF082228A503B700FE5FC9 /* Release */ = {
			isa = XCBuildConfiguration;
			buildSettings = {
				ALWAYS_SEARCH_USER_PATHS = NO;
				CLANG_ANALYZER_NONNULL = YES;
				CLANG_ANALYZER_NUMBER_OBJECT_CONVERSION = YES_AGGRESSIVE;
				CLANG_CXX_LANGUAGE_STANDARD = "gnu++17";
				CLANG_ENABLE_MODULES = YES;
				CLANG_ENABLE_OBJC_ARC = YES;
				CLANG_ENABLE_OBJC_WEAK = YES;
				CLANG_WARN_BLOCK_CAPTURE_AUTORELEASING = YES;
				CLANG_WARN_BOOL_CONVERSION = YES;
				CLANG_WARN_COMMA = YES;
				CLANG_WARN_CONSTANT_CONVERSION = YES;
				CLANG_WARN_DEPRECATED_OBJC_IMPLEMENTATIONS = YES;
				CLANG_WARN_DIRECT_OBJC_ISA_USAGE = YES_ERROR;
				CLANG_WARN_DOCUMENTATION_COMMENTS = YES;
				CLANG_WARN_EMPTY_BODY = YES;
				CLANG_WARN_ENUM_CONVERSION = YES;
				CLANG_WARN_INFINITE_RECURSION = YES;
				CLANG_WARN_INT_CONVERSION = YES;
				CLANG_WARN_NON_LITERAL_NULL_CONVERSION = YES;
				CLANG_WARN_OBJC_IMPLICIT_RETAIN_SELF = YES;
				CLANG_WARN_OBJC_LITERAL_CONVERSION = YES;
				CLANG_WARN_OBJC_ROOT_CLASS = YES_ERROR;
				CLANG_WARN_QUOTED_INCLUDE_IN_FRAMEWORK_HEADER = YES;
				CLANG_WARN_RANGE_LOOP_ANALYSIS = YES;
				CLANG_WARN_STRICT_PROTOTYPES = YES;
				CLANG_WARN_SUSPICIOUS_MOVE = YES;
				CLANG_WARN_UNGUARDED_AVAILABILITY = YES_AGGRESSIVE;
				CLANG_WARN_UNREACHABLE_CODE = YES;
				CLANG_WARN__DUPLICATE_METHOD_MATCH = YES;
				COPY_PHASE_STRIP = NO;
				DEBUG_INFORMATION_FORMAT = "dwarf-with-dsym";
				ENABLE_NS_ASSERTIONS = NO;
				ENABLE_STRICT_OBJC_MSGSEND = YES;
				GCC_C_LANGUAGE_STANDARD = gnu11;
				GCC_NO_COMMON_BLOCKS = YES;
				GCC_WARN_64_TO_32_BIT_CONVERSION = YES;
				GCC_WARN_ABOUT_RETURN_TYPE = YES_ERROR;
				GCC_WARN_UNDECLARED_SELECTOR = YES;
				GCC_WARN_UNINITIALIZED_AUTOS = YES_AGGRESSIVE;
				GCC_WARN_UNUSED_FUNCTION = YES;
				GCC_WARN_UNUSED_VARIABLE = YES;
				IPHONEOS_DEPLOYMENT_TARGET = 15.5;
				MTL_ENABLE_DEBUG_INFO = NO;
				MTL_FAST_MATH = YES;
				SDKROOT = iphoneos;
				SWIFT_COMPILATION_MODE = wholemodule;
				SWIFT_OPTIMIZATION_LEVEL = "-O";
				VALIDATE_PRODUCT = YES;
			};
			name = Release;
		};
		57FF082428A503B700FE5FC9 /* Debug */ = {
			isa = XCBuildConfiguration;
			baseConfigurationReference = 73267EFE8ACDDDE096C72367 /* Pods-07 RayBan Store.debug.xcconfig */;
			buildSettings = {
				ASSETCATALOG_COMPILER_APPICON_NAME = AppIcon;
				ASSETCATALOG_COMPILER_GLOBAL_ACCENT_COLOR_NAME = AccentColor;
				CODE_SIGN_STYLE = Automatic;
				CURRENT_PROJECT_VERSION = 1;
				DEVELOPMENT_TEAM = P3BYVBK57Z;
				GENERATE_INFOPLIST_FILE = YES;
				INFOPLIST_FILE = "07 RayBan Store/Application/Info.plist";
				INFOPLIST_KEY_UIApplicationSupportsIndirectInputEvents = YES;
				INFOPLIST_KEY_UILaunchStoryboardName = LaunchScreen;
				INFOPLIST_KEY_UISupportedInterfaceOrientations = UIInterfaceOrientationPortrait;
				INFOPLIST_KEY_UISupportedInterfaceOrientations_iPad = UIInterfaceOrientationPortrait;
				INFOPLIST_KEY_UISupportedInterfaceOrientations_iPhone = UIInterfaceOrientationPortrait;
				LD_RUNPATH_SEARCH_PATHS = (
					"$(inherited)",
					"@executable_path/Frameworks",
				);
				MARKETING_VERSION = 1.0;
				OTHER_LDFLAGS = (
					"$(inherited)",
					"-l\"c++\"",
					"-l\"icucore\"",
					"-l\"z\"",
					"-framework",
					"\"CFNetwork\"",
					"-framework",
					"\"CoreTelephony\"",
					"-framework",
					"\"FBAEMKit\"",
					"-framework",
					"\"FBLPromises\"",
					"-framework",
					"\"FBSDKCoreKit\"",
					"-framework",
					"\"FBSDKCoreKit_Basics\"",
					"-framework",
					"\"FBSDKLoginKit\"",
					"-framework",
					"\"FirebaseAuth\"",
					"-framework",
					"\"FirebaseCore\"",
					"-framework",
					"\"FirebaseCoreInternal\"",
					"-framework",
					"\"FirebaseDatabase\"",
					"-framework",
					"\"Foundation\"",
					"-framework",
					"\"GTMSessionFetcher\"",
					"-framework",
					"\"GoogleUtilities\"",
					"-framework",
					"\"SafariServices\"",
					"-framework",
					"\"Security\"",
					"-framework",
					"\"SystemConfiguration\"",
					"-framework",
					"\"UIKit\"",
					"-framework",
					"\"leveldb\"",
				);
				PRODUCT_BUNDLE_IDENTIFIER = "ios.biiak.-7-RayBan-Store";
				PRODUCT_NAME = "$(TARGET_NAME)";
				SWIFT_EMIT_LOC_STRINGS = YES;
				SWIFT_VERSION = 5.0;
				TARGETED_DEVICE_FAMILY = 1;
			};
			name = Debug;
		};
		57FF082528A503B700FE5FC9 /* Release */ = {
			isa = XCBuildConfiguration;
			baseConfigurationReference = 69243D96E0170934A5734306 /* Pods-07 RayBan Store.release.xcconfig */;
			buildSettings = {
				ASSETCATALOG_COMPILER_APPICON_NAME = AppIcon;
				ASSETCATALOG_COMPILER_GLOBAL_ACCENT_COLOR_NAME = AccentColor;
				CODE_SIGN_STYLE = Automatic;
				CURRENT_PROJECT_VERSION = 1;
				DEVELOPMENT_TEAM = P3BYVBK57Z;
				GENERATE_INFOPLIST_FILE = YES;
				INFOPLIST_FILE = "07 RayBan Store/Application/Info.plist";
				INFOPLIST_KEY_UIApplicationSupportsIndirectInputEvents = YES;
				INFOPLIST_KEY_UILaunchStoryboardName = LaunchScreen;
				INFOPLIST_KEY_UISupportedInterfaceOrientations = UIInterfaceOrientationPortrait;
				INFOPLIST_KEY_UISupportedInterfaceOrientations_iPad = UIInterfaceOrientationPortrait;
				INFOPLIST_KEY_UISupportedInterfaceOrientations_iPhone = UIInterfaceOrientationPortrait;
				LD_RUNPATH_SEARCH_PATHS = (
					"$(inherited)",
					"@executable_path/Frameworks",
				);
				MARKETING_VERSION = 1.0;
				OTHER_LDFLAGS = (
					"$(inherited)",
					"-l\"c++\"",
					"-l\"icucore\"",
					"-l\"z\"",
					"-framework",
					"\"CFNetwork\"",
					"-framework",
					"\"CoreTelephony\"",
					"-framework",
					"\"FBAEMKit\"",
					"-framework",
					"\"FBLPromises\"",
					"-framework",
					"\"FBSDKCoreKit\"",
					"-framework",
					"\"FBSDKCoreKit_Basics\"",
					"-framework",
					"\"FBSDKLoginKit\"",
					"-framework",
					"\"FirebaseAuth\"",
					"-framework",
					"\"FirebaseCore\"",
					"-framework",
					"\"FirebaseCoreInternal\"",
					"-framework",
					"\"FirebaseDatabase\"",
					"-framework",
					"\"Foundation\"",
					"-framework",
					"\"GTMSessionFetcher\"",
					"-framework",
					"\"GoogleUtilities\"",
					"-framework",
					"\"SafariServices\"",
					"-framework",
					"\"Security\"",
					"-framework",
					"\"SystemConfiguration\"",
					"-framework",
					"\"UIKit\"",
					"-framework",
					"\"leveldb\"",
				);
				PRODUCT_BUNDLE_IDENTIFIER = "ios.biiak.-7-RayBan-Store";
				PRODUCT_NAME = "$(TARGET_NAME)";
				SWIFT_EMIT_LOC_STRINGS = YES;
				SWIFT_VERSION = 5.0;
				TARGETED_DEVICE_FAMILY = 1;
			};
			name = Release;
		};
/* End XCBuildConfiguration section */

/* Begin XCConfigurationList section */
		57FF080A28A503B600FE5FC9 /* Build configuration list for PBXProject "07 RayBan Store" */ = {
			isa = XCConfigurationList;
			buildConfigurations = (
				57FF082128A503B700FE5FC9 /* Debug */,
				57FF082228A503B700FE5FC9 /* Release */,
			);
			defaultConfigurationIsVisible = 0;
			defaultConfigurationName = Release;
		};
		57FF082328A503B700FE5FC9 /* Build configuration list for PBXNativeTarget "07 RayBan Store" */ = {
			isa = XCConfigurationList;
			buildConfigurations = (
				57FF082428A503B700FE5FC9 /* Debug */,
				57FF082528A503B700FE5FC9 /* Release */,
			);
			defaultConfigurationIsVisible = 0;
			defaultConfigurationName = Release;
		};
/* End XCConfigurationList section */

/* Begin XCRemoteSwiftPackageReference section */
		579B498129994F2E004D519D /* XCRemoteSwiftPackageReference "Semaphore" */ = {
			isa = XCRemoteSwiftPackageReference;
			repositoryURL = "https://github.com/groue/Semaphore";
			requirement = {
				kind = upToNextMajorVersion;
				minimumVersion = 0.0.6;
			};
		};
/* End XCRemoteSwiftPackageReference section */

/* Begin XCSwiftPackageProductDependency section */
		579B498229994F2E004D519D /* Semaphore */ = {
			isa = XCSwiftPackageProductDependency;
			package = 579B498129994F2E004D519D /* XCRemoteSwiftPackageReference "Semaphore" */;
			productName = Semaphore;
		};
/* End XCSwiftPackageProductDependency section */
	};
	rootObject = 57FF080728A503B600FE5FC9 /* Project object */;
}
